# THIS IS AN AUTOGENERATED FILE. DO NOT EDIT THIS FILE DIRECTLY.
# yarn lockfile v1


"@aws-crypto/crc32@2.0.0":
  version "2.0.0"
  resolved "https://registry.yarnpkg.com/@aws-crypto/crc32/-/crc32-2.0.0.tgz#4ad432a3c03ec3087c5540ff6e41e6565d2dc153"
  integrity sha512-TvE1r2CUueyXOuHdEigYjIZVesInd9KN+K/TFFNfkkxRThiNxO6i4ZqqAVMoEjAamZZ1AA8WXJkjCz7YShHPQA==
  dependencies:
    "@aws-crypto/util" "^2.0.0"
    "@aws-sdk/types" "^3.1.0"
    tslib "^1.11.1"

"@aws-crypto/ie11-detection@^2.0.0":
  version "2.0.0"
  resolved "https://registry.yarnpkg.com/@aws-crypto/ie11-detection/-/ie11-detection-2.0.0.tgz#bb6c2facf8f03457e949dcf0921477397ffa4c6e"
  integrity sha512-pkVXf/dq6PITJ0jzYZ69VhL8VFOFoPZLZqtU/12SGnzYuJOOGNfF41q9GxdI1yqC8R13Rq3jOLKDFpUJFT5eTA==
  dependencies:
    tslib "^1.11.1"

"@aws-crypto/sha256-browser@2.0.0":
  version "2.0.0"
  resolved "https://registry.yarnpkg.com/@aws-crypto/sha256-browser/-/sha256-browser-2.0.0.tgz#741c9024df55ec59b51e5b1f5d806a4852699fb5"
  integrity sha512-rYXOQ8BFOaqMEHJrLHul/25ckWH6GTJtdLSajhlqGMx0PmSueAuvboCuZCTqEKlxR8CQOwRarxYMZZSYlhRA1A==
  dependencies:
    "@aws-crypto/ie11-detection" "^2.0.0"
    "@aws-crypto/sha256-js" "^2.0.0"
    "@aws-crypto/supports-web-crypto" "^2.0.0"
    "@aws-crypto/util" "^2.0.0"
    "@aws-sdk/types" "^3.1.0"
    "@aws-sdk/util-locate-window" "^3.0.0"
    "@aws-sdk/util-utf8-browser" "^3.0.0"
    tslib "^1.11.1"

"@aws-crypto/sha256-js@2.0.0":
  version "2.0.0"
  resolved "https://registry.yarnpkg.com/@aws-crypto/sha256-js/-/sha256-js-2.0.0.tgz#f1f936039bdebd0b9e2dd834d65afdc2aac4efcb"
  integrity sha512-VZY+mCY4Nmrs5WGfitmNqXzaE873fcIZDu54cbaDaaamsaTOP1DBImV9F4pICc3EHjQXujyE8jig+PFCaew9ig==
  dependencies:
    "@aws-crypto/util" "^2.0.0"
    "@aws-sdk/types" "^3.1.0"
    tslib "^1.11.1"

"@aws-crypto/sha256-js@^2.0.0":
  version "2.0.1"
  resolved "https://registry.yarnpkg.com/@aws-crypto/sha256-js/-/sha256-js-2.0.1.tgz#79e1e6cf61f652ef2089c08d471c722ecf1626a9"
  integrity sha512-mbHTBSPBvg6o/mN/c18Z/zifM05eJrapj5ggoOIeHIWckvkv5VgGi7r/wYpt+QAO2ySKXLNvH2d8L7bne4xrMQ==
  dependencies:
    "@aws-crypto/util" "^2.0.1"
    "@aws-sdk/types" "^3.1.0"
    tslib "^1.11.1"

"@aws-crypto/supports-web-crypto@^2.0.0":
  version "2.0.0"
  resolved "https://registry.yarnpkg.com/@aws-crypto/supports-web-crypto/-/supports-web-crypto-2.0.0.tgz#fd6cde30b88f77d5a4f57b2c37c560d918014f9e"
  integrity sha512-Ge7WQ3E0OC7FHYprsZV3h0QIcpdyJLvIeg+uTuHqRYm8D6qCFJoiC+edSzSyFiHtZf+NOQDJ1q46qxjtzIY2nA==
  dependencies:
    tslib "^1.11.1"

"@aws-crypto/util@^2.0.0", "@aws-crypto/util@^2.0.1":
  version "2.0.1"
  resolved "https://registry.yarnpkg.com/@aws-crypto/util/-/util-2.0.1.tgz#976cf619cf85084ca85ec5eb947a6ac6b8b5c98c"
  integrity sha512-JJmFFwvbm08lULw4Nm5QOLg8+lAQeC8aCXK5xrtxntYzYXCGfHwUJ4Is3770Q7HmICsXthGQ+ZsDL7C2uH3yBQ==
  dependencies:
    "@aws-sdk/types" "^3.1.0"
    "@aws-sdk/util-utf8-browser" "^3.0.0"
    tslib "^1.11.1"

"@aws-sdk/abort-controller@3.49.0":
  version "3.49.0"
  resolved "https://registry.yarnpkg.com/@aws-sdk/abort-controller/-/abort-controller-3.49.0.tgz#c5fbff76b8ad3782f52bef9ad6fd7a917846a753"
  integrity sha512-1qLlgOgg3yrtm+AJEP7yoIk90o6ns3Dia8S9DRjj29jY40446etH3v/tIbHPE+em69HLXl1K6e5KD6t7EDxnlg==
  dependencies:
    "@aws-sdk/types" "3.49.0"
    tslib "^2.3.0"

"@aws-sdk/chunked-blob-reader-native@3.49.0":
  version "3.49.0"
  resolved "https://registry.yarnpkg.com/@aws-sdk/chunked-blob-reader-native/-/chunked-blob-reader-native-3.49.0.tgz#f33b98572dd806265298cea727c1a377e9d6a608"
  integrity sha512-ppjmDWyufMB41Hmq5Gixd2+/c4kk2IPKKWT9zI9spKOYbbL/vY3FmRq4beQ6n5kWOzDPxKZ6wv04yrMS9yBy1A==
  dependencies:
    "@aws-sdk/util-base64-browser" "3.49.0"
    tslib "^2.3.0"

"@aws-sdk/chunked-blob-reader@3.49.0":
  version "3.49.0"
  resolved "https://registry.yarnpkg.com/@aws-sdk/chunked-blob-reader/-/chunked-blob-reader-3.49.0.tgz#f933abdf16fc9ee4d82245d375a15f19bea25c64"
  integrity sha512-UI1rK4aBgwsQ6dOQs5Im1cNSb3c/RH1wKjD49zcwWyxe8e96C5G2LcshhVH3onWY5NgqQgs/ffEsXziGcNXRIg==
  dependencies:
    tslib "^2.3.0"

"@aws-sdk/client-s3@^3.37.0":
  version "3.49.0"
  resolved "https://registry.yarnpkg.com/@aws-sdk/client-s3/-/client-s3-3.49.0.tgz#4504f01f55856f8df4ffeb2a6af2942a4d5e1426"
  integrity sha512-LidddhZFxYb/jlEtHnbBpqVZmjgZNKY/jaZy3jRNcVhw8L0m1IYVigqgw5E6ta9/dma5EwLOA8Z21O/rCuDapw==
  dependencies:
    "@aws-crypto/sha256-browser" "2.0.0"
    "@aws-crypto/sha256-js" "2.0.0"
    "@aws-sdk/client-sts" "3.49.0"
    "@aws-sdk/config-resolver" "3.49.0"
    "@aws-sdk/credential-provider-node" "3.49.0"
    "@aws-sdk/eventstream-serde-browser" "3.49.0"
    "@aws-sdk/eventstream-serde-config-resolver" "3.49.0"
    "@aws-sdk/eventstream-serde-node" "3.49.0"
    "@aws-sdk/fetch-http-handler" "3.49.0"
    "@aws-sdk/hash-blob-browser" "3.49.0"
    "@aws-sdk/hash-node" "3.49.0"
    "@aws-sdk/hash-stream-node" "3.49.0"
    "@aws-sdk/invalid-dependency" "3.49.0"
    "@aws-sdk/md5-js" "3.49.0"
    "@aws-sdk/middleware-apply-body-checksum" "3.49.0"
    "@aws-sdk/middleware-bucket-endpoint" "3.49.0"
    "@aws-sdk/middleware-content-length" "3.49.0"
    "@aws-sdk/middleware-expect-continue" "3.49.0"
    "@aws-sdk/middleware-host-header" "3.49.0"
    "@aws-sdk/middleware-location-constraint" "3.49.0"
    "@aws-sdk/middleware-logger" "3.49.0"
    "@aws-sdk/middleware-retry" "3.49.0"
    "@aws-sdk/middleware-sdk-s3" "3.49.0"
    "@aws-sdk/middleware-serde" "3.49.0"
    "@aws-sdk/middleware-signing" "3.49.0"
    "@aws-sdk/middleware-ssec" "3.49.0"
    "@aws-sdk/middleware-stack" "3.49.0"
    "@aws-sdk/middleware-user-agent" "3.49.0"
    "@aws-sdk/node-config-provider" "3.49.0"
    "@aws-sdk/node-http-handler" "3.49.0"
    "@aws-sdk/protocol-http" "3.49.0"
    "@aws-sdk/smithy-client" "3.49.0"
    "@aws-sdk/types" "3.49.0"
    "@aws-sdk/url-parser" "3.49.0"
    "@aws-sdk/util-base64-browser" "3.49.0"
    "@aws-sdk/util-base64-node" "3.49.0"
    "@aws-sdk/util-body-length-browser" "3.49.0"
    "@aws-sdk/util-body-length-node" "3.49.0"
    "@aws-sdk/util-defaults-mode-browser" "3.49.0"
    "@aws-sdk/util-defaults-mode-node" "3.49.0"
    "@aws-sdk/util-user-agent-browser" "3.49.0"
    "@aws-sdk/util-user-agent-node" "3.49.0"
    "@aws-sdk/util-utf8-browser" "3.49.0"
    "@aws-sdk/util-utf8-node" "3.49.0"
    "@aws-sdk/util-waiter" "3.49.0"
    "@aws-sdk/xml-builder" "3.49.0"
    entities "2.2.0"
    fast-xml-parser "3.19.0"
    tslib "^2.3.0"

"@aws-sdk/client-sso@3.49.0":
  version "3.49.0"
  resolved "https://registry.yarnpkg.com/@aws-sdk/client-sso/-/client-sso-3.49.0.tgz#9811a400517fe0a5e42f4c7fe23b7eca044c722e"
  integrity sha512-rY8uZo4DeNwwKf+Sx0TX/5ysXJKf+0SQSCTWD9S4a0AjtiaLc6hKCX+sJY43VDHvNYieKtXLDYHBdhhqZKwG+g==
  dependencies:
    "@aws-crypto/sha256-browser" "2.0.0"
    "@aws-crypto/sha256-js" "2.0.0"
    "@aws-sdk/config-resolver" "3.49.0"
    "@aws-sdk/fetch-http-handler" "3.49.0"
    "@aws-sdk/hash-node" "3.49.0"
    "@aws-sdk/invalid-dependency" "3.49.0"
    "@aws-sdk/middleware-content-length" "3.49.0"
    "@aws-sdk/middleware-host-header" "3.49.0"
    "@aws-sdk/middleware-logger" "3.49.0"
    "@aws-sdk/middleware-retry" "3.49.0"
    "@aws-sdk/middleware-serde" "3.49.0"
    "@aws-sdk/middleware-stack" "3.49.0"
    "@aws-sdk/middleware-user-agent" "3.49.0"
    "@aws-sdk/node-config-provider" "3.49.0"
    "@aws-sdk/node-http-handler" "3.49.0"
    "@aws-sdk/protocol-http" "3.49.0"
    "@aws-sdk/smithy-client" "3.49.0"
    "@aws-sdk/types" "3.49.0"
    "@aws-sdk/url-parser" "3.49.0"
    "@aws-sdk/util-base64-browser" "3.49.0"
    "@aws-sdk/util-base64-node" "3.49.0"
    "@aws-sdk/util-body-length-browser" "3.49.0"
    "@aws-sdk/util-body-length-node" "3.49.0"
    "@aws-sdk/util-defaults-mode-browser" "3.49.0"
    "@aws-sdk/util-defaults-mode-node" "3.49.0"
    "@aws-sdk/util-user-agent-browser" "3.49.0"
    "@aws-sdk/util-user-agent-node" "3.49.0"
    "@aws-sdk/util-utf8-browser" "3.49.0"
    "@aws-sdk/util-utf8-node" "3.49.0"
    tslib "^2.3.0"

"@aws-sdk/client-sts@3.49.0":
  version "3.49.0"
  resolved "https://registry.yarnpkg.com/@aws-sdk/client-sts/-/client-sts-3.49.0.tgz#984fbdec83ac61ae7c692d149aeb7863e4b6163d"
  integrity sha512-vqHNCuQriMZV1aeXc6cza5S9A/2zgfNiTelsmbDQdlCiZQ+YL3nTp1WFeYHap4ffYlLOAD0xv0yz/+naV4oHtQ==
  dependencies:
    "@aws-crypto/sha256-browser" "2.0.0"
    "@aws-crypto/sha256-js" "2.0.0"
    "@aws-sdk/config-resolver" "3.49.0"
    "@aws-sdk/credential-provider-node" "3.49.0"
    "@aws-sdk/fetch-http-handler" "3.49.0"
    "@aws-sdk/hash-node" "3.49.0"
    "@aws-sdk/invalid-dependency" "3.49.0"
    "@aws-sdk/middleware-content-length" "3.49.0"
    "@aws-sdk/middleware-host-header" "3.49.0"
    "@aws-sdk/middleware-logger" "3.49.0"
    "@aws-sdk/middleware-retry" "3.49.0"
    "@aws-sdk/middleware-sdk-sts" "3.49.0"
    "@aws-sdk/middleware-serde" "3.49.0"
    "@aws-sdk/middleware-signing" "3.49.0"
    "@aws-sdk/middleware-stack" "3.49.0"
    "@aws-sdk/middleware-user-agent" "3.49.0"
    "@aws-sdk/node-config-provider" "3.49.0"
    "@aws-sdk/node-http-handler" "3.49.0"
    "@aws-sdk/protocol-http" "3.49.0"
    "@aws-sdk/smithy-client" "3.49.0"
    "@aws-sdk/types" "3.49.0"
    "@aws-sdk/url-parser" "3.49.0"
    "@aws-sdk/util-base64-browser" "3.49.0"
    "@aws-sdk/util-base64-node" "3.49.0"
    "@aws-sdk/util-body-length-browser" "3.49.0"
    "@aws-sdk/util-body-length-node" "3.49.0"
    "@aws-sdk/util-defaults-mode-browser" "3.49.0"
    "@aws-sdk/util-defaults-mode-node" "3.49.0"
    "@aws-sdk/util-user-agent-browser" "3.49.0"
    "@aws-sdk/util-user-agent-node" "3.49.0"
    "@aws-sdk/util-utf8-browser" "3.49.0"
    "@aws-sdk/util-utf8-node" "3.49.0"
    entities "2.2.0"
    fast-xml-parser "3.19.0"
    tslib "^2.3.0"

"@aws-sdk/config-resolver@3.49.0":
  version "3.49.0"
  resolved "https://registry.yarnpkg.com/@aws-sdk/config-resolver/-/config-resolver-3.49.0.tgz#fbcf4a16326a61d62941251f4d51b706cbbe0a11"
  integrity sha512-4kYV+89E9MG+/wfPY3dmwqzquQxNd951jdfjQbSg1ii68X/owqmWda4bLulV0Z4iGUz9TXkbaJCWyRyjsFNe4w==
  dependencies:
    "@aws-sdk/signature-v4" "3.49.0"
    "@aws-sdk/types" "3.49.0"
    "@aws-sdk/util-config-provider" "3.49.0"
    tslib "^2.3.0"

"@aws-sdk/credential-provider-env@3.49.0":
  version "3.49.0"
  resolved "https://registry.yarnpkg.com/@aws-sdk/credential-provider-env/-/credential-provider-env-3.49.0.tgz#92a659af841b7bd340f4935d927b5dfdb459eeb9"
  integrity sha512-mx82N0un6URmmiM11X3ObK3ka5R99lEFdhwPc0jqsCPnXRVioUtK5DXkJ8FmgixbDcs5Pdij9A8MINSeBrG0bQ==
  dependencies:
    "@aws-sdk/property-provider" "3.49.0"
    "@aws-sdk/types" "3.49.0"
    tslib "^2.3.0"

"@aws-sdk/credential-provider-imds@3.49.0":
  version "3.49.0"
  resolved "https://registry.yarnpkg.com/@aws-sdk/credential-provider-imds/-/credential-provider-imds-3.49.0.tgz#b031dd9e18583a01e6d66583cc33929d1cc4d783"
  integrity sha512-d/H5VgmRiIupQdPg9QcX16kdvuiS/YytRYCQOncVstNXHvYZM9EgeIXJLXyPNaD2W8SS7CBf4KKWYJn3V+9AZw==
  dependencies:
    "@aws-sdk/node-config-provider" "3.49.0"
    "@aws-sdk/property-provider" "3.49.0"
    "@aws-sdk/types" "3.49.0"
    "@aws-sdk/url-parser" "3.49.0"
    tslib "^2.3.0"

"@aws-sdk/credential-provider-ini@3.49.0":
  version "3.49.0"
  resolved "https://registry.yarnpkg.com/@aws-sdk/credential-provider-ini/-/credential-provider-ini-3.49.0.tgz#df5167e216d2e970f7c3d717c171fe4dd4a96299"
  integrity sha512-QlWfxDwZVyX36pghgkKGBR+fBmX/mjmvc0kzxUmqGhUYAkDQ0YKR11ybpGBrxBKT4lIOE+9z6Tu4nLjp3OlJIg==
  dependencies:
    "@aws-sdk/credential-provider-env" "3.49.0"
    "@aws-sdk/credential-provider-imds" "3.49.0"
    "@aws-sdk/credential-provider-sso" "3.49.0"
    "@aws-sdk/credential-provider-web-identity" "3.49.0"
    "@aws-sdk/property-provider" "3.49.0"
    "@aws-sdk/shared-ini-file-loader" "3.49.0"
    "@aws-sdk/types" "3.49.0"
    "@aws-sdk/util-credentials" "3.49.0"
    tslib "^2.3.0"

"@aws-sdk/credential-provider-node@3.49.0":
  version "3.49.0"
  resolved "https://registry.yarnpkg.com/@aws-sdk/credential-provider-node/-/credential-provider-node-3.49.0.tgz#74725846b79e1ae3df4327e2e05fe23ee78eabf1"
  integrity sha512-DonoqOZHcqfNuwMG1fGJpHJTqf1QinihRKzlOoUWzmseqBCiuagGouSN7nOQgee5BrzF0X9/nao9lnPc4on2TA==
  dependencies:
    "@aws-sdk/credential-provider-env" "3.49.0"
    "@aws-sdk/credential-provider-imds" "3.49.0"
    "@aws-sdk/credential-provider-ini" "3.49.0"
    "@aws-sdk/credential-provider-process" "3.49.0"
    "@aws-sdk/credential-provider-sso" "3.49.0"
    "@aws-sdk/credential-provider-web-identity" "3.49.0"
    "@aws-sdk/property-provider" "3.49.0"
    "@aws-sdk/shared-ini-file-loader" "3.49.0"
    "@aws-sdk/types" "3.49.0"
    "@aws-sdk/util-credentials" "3.49.0"
    tslib "^2.3.0"

"@aws-sdk/credential-provider-process@3.49.0":
  version "3.49.0"
  resolved "https://registry.yarnpkg.com/@aws-sdk/credential-provider-process/-/credential-provider-process-3.49.0.tgz#16ad8b941d0c1bca65e0ce59f34a7523d5b253b5"
  integrity sha512-Zn7CJHoXln8O+yBKdTBvcwCz6GDh48s7HtIsqjoOrqoL0oZWhgy8gn8S9KQ+HIqpiO8N0lMMteXuPl5fbC2zGg==
  dependencies:
    "@aws-sdk/property-provider" "3.49.0"
    "@aws-sdk/shared-ini-file-loader" "3.49.0"
    "@aws-sdk/types" "3.49.0"
    "@aws-sdk/util-credentials" "3.49.0"
    tslib "^2.3.0"

"@aws-sdk/credential-provider-sso@3.49.0":
  version "3.49.0"
  resolved "https://registry.yarnpkg.com/@aws-sdk/credential-provider-sso/-/credential-provider-sso-3.49.0.tgz#68dc87d0566b99f61f915812a66362225797abf1"
  integrity sha512-sFTqbQOyGR88K10Y1OgauEPKDmEibxtAkLSFjkJ6Yw/Jyp+lftchoa+TxRrNvDY1zjZX+XauVI6UmD5Pi4E1NQ==
  dependencies:
    "@aws-sdk/client-sso" "3.49.0"
    "@aws-sdk/property-provider" "3.49.0"
    "@aws-sdk/shared-ini-file-loader" "3.49.0"
    "@aws-sdk/types" "3.49.0"
    "@aws-sdk/util-credentials" "3.49.0"
    tslib "^2.3.0"

"@aws-sdk/credential-provider-web-identity@3.49.0":
  version "3.49.0"
  resolved "https://registry.yarnpkg.com/@aws-sdk/credential-provider-web-identity/-/credential-provider-web-identity-3.49.0.tgz#c8cbd1b05c8d1df60bed0522c586141150fa2a12"
  integrity sha512-mlIHUTn04unB0HEwEO12YIY5848uE9B+gYI+YwlNZ70KXGs3lj2horOgPgbxeIfulCVw0aRTKChUg2ActTosYg==
  dependencies:
    "@aws-sdk/property-provider" "3.49.0"
    "@aws-sdk/types" "3.49.0"
    tslib "^2.3.0"

"@aws-sdk/eventstream-marshaller@3.49.0":
  version "3.49.0"
  resolved "https://registry.yarnpkg.com/@aws-sdk/eventstream-marshaller/-/eventstream-marshaller-3.49.0.tgz#19399f137fca3e35f75c04d633a913a316aa121e"
  integrity sha512-EDE7aim4c/G9vCWE+jaHQNWHzrHgF1WlUEok1tgLj+fbvqKduDK/1SNleMZbMLC7tFRARN+KKFB0Ctegyp8j4w==
  dependencies:
    "@aws-crypto/crc32" "2.0.0"
    "@aws-sdk/types" "3.49.0"
    "@aws-sdk/util-hex-encoding" "3.49.0"
    tslib "^2.3.0"

"@aws-sdk/eventstream-serde-browser@3.49.0":
  version "3.49.0"
  resolved "https://registry.yarnpkg.com/@aws-sdk/eventstream-serde-browser/-/eventstream-serde-browser-3.49.0.tgz#6d16532f38fb54d3d0512424f214ff8523a8758f"
  integrity sha512-XHDHVGmxzEEXzHESzXYiycE3CxHLedBQljQPCIXKJkUhmwf84oUDB/cRsgWoOwOpcRQQBZGUPTPOOOHVWQOlZA==
  dependencies:
    "@aws-sdk/eventstream-marshaller" "3.49.0"
    "@aws-sdk/eventstream-serde-universal" "3.49.0"
    "@aws-sdk/types" "3.49.0"
    tslib "^2.3.0"

"@aws-sdk/eventstream-serde-config-resolver@3.49.0":
  version "3.49.0"
  resolved "https://registry.yarnpkg.com/@aws-sdk/eventstream-serde-config-resolver/-/eventstream-serde-config-resolver-3.49.0.tgz#3888cc1daf1f9a5fc85d9b788b0150e678330431"
  integrity sha512-7xCaQGfZD0xLpWVUsGEQ2PDAkkfnl1gc10h4jLm0xtEGzr0x3B3fLrmDiZTz+wBxRRuCqjiaBaNuPT+HocGYmA==
  dependencies:
    "@aws-sdk/types" "3.49.0"
    tslib "^2.3.0"

"@aws-sdk/eventstream-serde-node@3.49.0":
  version "3.49.0"
  resolved "https://registry.yarnpkg.com/@aws-sdk/eventstream-serde-node/-/eventstream-serde-node-3.49.0.tgz#da2f5800100e678b0dc02405fde2ebaa3e0fb31c"
  integrity sha512-hRZa1QSCtSve3vSgOxtGRn7nlOJFGzaov6hDj+bFEWY6ukHWtG9lbit6ECALcud4BjxvaJet37kqToxnpDFMuQ==
  dependencies:
    "@aws-sdk/eventstream-marshaller" "3.49.0"
    "@aws-sdk/eventstream-serde-universal" "3.49.0"
    "@aws-sdk/types" "3.49.0"
    tslib "^2.3.0"

"@aws-sdk/eventstream-serde-universal@3.49.0":
  version "3.49.0"
  resolved "https://registry.yarnpkg.com/@aws-sdk/eventstream-serde-universal/-/eventstream-serde-universal-3.49.0.tgz#0339d5167ffcb358b480e4e0b558c8f26ab733a8"
  integrity sha512-oW/k0QdJTEwRLbdWpakIKABYKEOokBaPd+VSOYmCNceYPzv74RTDqlzTTRVIGj51Jp+Bm1af3l0k1cpjPDnWfQ==
  dependencies:
    "@aws-sdk/eventstream-marshaller" "3.49.0"
    "@aws-sdk/types" "3.49.0"
    tslib "^2.3.0"

"@aws-sdk/fetch-http-handler@3.49.0":
  version "3.49.0"
  resolved "https://registry.yarnpkg.com/@aws-sdk/fetch-http-handler/-/fetch-http-handler-3.49.0.tgz#e0cbbeca3a2c7834e2f235d198ca47ce2ad43276"
  integrity sha512-ougJRsvoIGP0qTgHSGVF1B5Ui95Y/SP5CpY/y6B8vMGrwJ+MmvcCUE3Qd2UJGjO1PfUneno8PHK4u5x7hc2ceA==
  dependencies:
    "@aws-sdk/protocol-http" "3.49.0"
    "@aws-sdk/querystring-builder" "3.49.0"
    "@aws-sdk/types" "3.49.0"
    "@aws-sdk/util-base64-browser" "3.49.0"
    tslib "^2.3.0"

"@aws-sdk/hash-blob-browser@3.49.0":
  version "3.49.0"
  resolved "https://registry.yarnpkg.com/@aws-sdk/hash-blob-browser/-/hash-blob-browser-3.49.0.tgz#f915c1801aa90a3312fefd49378998ca66a48f5b"
  integrity sha512-DLLP8dY0eYAXefJJzAYO1QxHW567MN4D2KDxyOKkWOVR2S6ZLgtJb24MhT9RpV3AOM/x686HOv5V4r1rPbuHhw==
  dependencies:
    "@aws-sdk/chunked-blob-reader" "3.49.0"
    "@aws-sdk/chunked-blob-reader-native" "3.49.0"
    "@aws-sdk/types" "3.49.0"
    tslib "^2.3.0"

"@aws-sdk/hash-node@3.49.0":
  version "3.49.0"
  resolved "https://registry.yarnpkg.com/@aws-sdk/hash-node/-/hash-node-3.49.0.tgz#29c264dec2260368f1376b3d1605d91b9f2faa69"
  integrity sha512-nRNCmSkcJOzWzKU6NihlKW/6H1HxaaBjUe9ETnwWIgwPC7NZ6IWtri48Cf7Itvveu3dln3ZM2WSXN20TlQpuBw==
  dependencies:
    "@aws-sdk/types" "3.49.0"
    "@aws-sdk/util-buffer-from" "3.49.0"
    tslib "^2.3.0"

"@aws-sdk/hash-stream-node@3.49.0":
  version "3.49.0"
  resolved "https://registry.yarnpkg.com/@aws-sdk/hash-stream-node/-/hash-stream-node-3.49.0.tgz#d572c6e08ab8dc9e1a3059d67b2ddc6f77b159ad"
  integrity sha512-ZsqGEs3yp5YH5vk1LhpIiSAzNzXHW89DvKn+BSSiDPdufPdOjLks8wKIVhAUfADcJ+S/AATTAt4SoA4mD+IHvQ==
  dependencies:
    "@aws-sdk/types" "3.49.0"
    tslib "^2.3.0"

"@aws-sdk/invalid-dependency@3.49.0":
  version "3.49.0"
  resolved "https://registry.yarnpkg.com/@aws-sdk/invalid-dependency/-/invalid-dependency-3.49.0.tgz#63f6aa61f13a59f008ed90669c8038a7988f9975"
  integrity sha512-MXf/9l/Oiy+KGKDvInv0RT4rtS+iNftYRTlTmUn3RR74Kz8Fvw+O0RcUjzSrNn5SpjCf/UsGrF+KBTm2gFYQCA==
  dependencies:
    "@aws-sdk/types" "3.49.0"
    tslib "^2.3.0"

"@aws-sdk/is-array-buffer@3.49.0":
  version "3.49.0"
  resolved "https://registry.yarnpkg.com/@aws-sdk/is-array-buffer/-/is-array-buffer-3.49.0.tgz#5bd79e83f8dd77d6a25c645aa3725beb38c5855f"
  integrity sha512-tLba+xvlm1+aAnv+bGieVZo8DCENbqfS9kLf/hp+9hrUSiNAsxs9Pqi34JBpMKGn6h9qORp6f8ClRS+gK8yvWg==
  dependencies:
    tslib "^2.3.0"

"@aws-sdk/md5-js@3.49.0":
  version "3.49.0"
  resolved "https://registry.yarnpkg.com/@aws-sdk/md5-js/-/md5-js-3.49.0.tgz#c9d794c59bb6b7e68b7ff084093c0dafcfd145e4"
  integrity sha512-CJJxl7FfTNseaw3RAPmihpys1cfbCyg7sLTev6PncqBhoVl+5AWOoITeZj3azE3CKevY2V7PEdmHjzKRNLmcdA==
  dependencies:
    "@aws-sdk/types" "3.49.0"
    "@aws-sdk/util-utf8-browser" "3.49.0"
    "@aws-sdk/util-utf8-node" "3.49.0"
    tslib "^2.3.0"

"@aws-sdk/middleware-apply-body-checksum@3.49.0":
  version "3.49.0"
  resolved "https://registry.yarnpkg.com/@aws-sdk/middleware-apply-body-checksum/-/middleware-apply-body-checksum-3.49.0.tgz#09f27734538e34d6c52e0b603e6171b4a6465f43"
  integrity sha512-uNUETgYrOLCZNad+vVsTblTqzuaCVCt67o4VawsziR5QuOCxX/27Ni3x1VNtpI5pUhD8FiT/9/lBpcMTvCSIgA==
  dependencies:
    "@aws-sdk/is-array-buffer" "3.49.0"
    "@aws-sdk/protocol-http" "3.49.0"
    "@aws-sdk/types" "3.49.0"
    tslib "^2.3.0"

"@aws-sdk/middleware-bucket-endpoint@3.49.0":
  version "3.49.0"
  resolved "https://registry.yarnpkg.com/@aws-sdk/middleware-bucket-endpoint/-/middleware-bucket-endpoint-3.49.0.tgz#e28b365f38f0f4bdcd636cb3252a7d1156f66cb0"
  integrity sha512-6GK6BXNRRe+JpBUomW1Wrj7HGU3gdl9XvrQekj772kmiBLx/40ntAxZnhjFjkNKLy7IM+he8yygnEUhbV/dEmg==
  dependencies:
    "@aws-sdk/protocol-http" "3.49.0"
    "@aws-sdk/types" "3.49.0"
    "@aws-sdk/util-arn-parser" "3.49.0"
    "@aws-sdk/util-config-provider" "3.49.0"
    tslib "^2.3.0"

"@aws-sdk/middleware-content-length@3.49.0":
  version "3.49.0"
  resolved "https://registry.yarnpkg.com/@aws-sdk/middleware-content-length/-/middleware-content-length-3.49.0.tgz#c8e05b4085ae398bc86ac66ae0793908f98a1471"
  integrity sha512-7IaghPT7X92gNoyn9LzZj4V5YpGPDCYQTWhpzZoIlw88vOR4I0zKg7jwYeElRoNfRCI4OYhF26ajKnNHzNMlbA==
  dependencies:
    "@aws-sdk/protocol-http" "3.49.0"
    "@aws-sdk/types" "3.49.0"
    tslib "^2.3.0"

"@aws-sdk/middleware-expect-continue@3.49.0":
  version "3.49.0"
  resolved "https://registry.yarnpkg.com/@aws-sdk/middleware-expect-continue/-/middleware-expect-continue-3.49.0.tgz#3d88dda6550c0741314542e8fa136799e86fa701"
  integrity sha512-i0FMywhvCdn3+gPuUgtM0ZRd3xBHozropbhvs3fu9Y6g1/YiOgTYuVVqHtObvktVWCV72i8fTvn8TEkyFHRDYQ==
  dependencies:
    "@aws-sdk/middleware-header-default" "3.49.0"
    "@aws-sdk/protocol-http" "3.49.0"
    "@aws-sdk/types" "3.49.0"
    tslib "^2.3.0"

"@aws-sdk/middleware-header-default@3.49.0":
  version "3.49.0"
  resolved "https://registry.yarnpkg.com/@aws-sdk/middleware-header-default/-/middleware-header-default-3.49.0.tgz#91a8a24f0f363b6379c6314c3ae3fe5269f6356a"
  integrity sha512-3xRNPwFMWQqgGKgxDWMgQXNdIr4EVq5ltrLqwsZopXKZli9/fidOrDN9z9j4AW9YAXyEAYB0fscKT7LcsvxFZg==
  dependencies:
    "@aws-sdk/protocol-http" "3.49.0"
    "@aws-sdk/types" "3.49.0"
    tslib "^2.3.0"

"@aws-sdk/middleware-host-header@3.49.0":
  version "3.49.0"
  resolved "https://registry.yarnpkg.com/@aws-sdk/middleware-host-header/-/middleware-host-header-3.49.0.tgz#2039e5766c49b8e39608c7486fc90018922ab527"
  integrity sha512-5l1ILqHs2mGqNvJb5mRe7hHbTQOO292jghE/LItpNx2tiu7BBGzP1bslHcyEVYoRBX9Oqyfou7s9Ww2yBWtImQ==
  dependencies:
    "@aws-sdk/protocol-http" "3.49.0"
    "@aws-sdk/types" "3.49.0"
    tslib "^2.3.0"

"@aws-sdk/middleware-location-constraint@3.49.0":
  version "3.49.0"
  resolved "https://registry.yarnpkg.com/@aws-sdk/middleware-location-constraint/-/middleware-location-constraint-3.49.0.tgz#41ec3f9d759f0288b70c0df4e87432722228b72e"
  integrity sha512-PUQr06/9XQP0JfUY6nFvK5HHcO4aQbzn/iKvB8dl471IXcKVLnJdB2OuIjUUW6fQbKX1K4xcDEifWTSMIECIlg==
  dependencies:
    "@aws-sdk/types" "3.49.0"
    tslib "^2.3.0"

"@aws-sdk/middleware-logger@3.49.0":
  version "3.49.0"
  resolved "https://registry.yarnpkg.com/@aws-sdk/middleware-logger/-/middleware-logger-3.49.0.tgz#62415af36102b4b06c82a23186029da710101474"
  integrity sha512-OicQ0w5sCJXgpeZ+t3XeJA2R/09YfuSe53Ma6aWZm/2/r8vG/SW0yAnwFvwJeCm3DKtBxU1qO2eWhFqvJuWRVA==
  dependencies:
    "@aws-sdk/types" "3.49.0"
    tslib "^2.3.0"

"@aws-sdk/middleware-retry@3.49.0":
  version "3.49.0"
  resolved "https://registry.yarnpkg.com/@aws-sdk/middleware-retry/-/middleware-retry-3.49.0.tgz#ce78dc050ae7f4cb99a4dc545019cfcd1d6cff62"
  integrity sha512-RSS4R4PNULHA1b1eYR50YPPfOV2jRuXgLNLVVYMEzzC23MabKEXJYPge+pI1Q9rRrbahVj7aQcOTSpT0MsiEeA==
  dependencies:
    "@aws-sdk/protocol-http" "3.49.0"
    "@aws-sdk/service-error-classification" "3.49.0"
    "@aws-sdk/types" "3.49.0"
    tslib "^2.3.0"
    uuid "^8.3.2"

"@aws-sdk/middleware-sdk-s3@3.49.0":
  version "3.49.0"
  resolved "https://registry.yarnpkg.com/@aws-sdk/middleware-sdk-s3/-/middleware-sdk-s3-3.49.0.tgz#5e6b7b74ca39d8ef2daecf8764be848b7a377643"
  integrity sha512-PeQHJsecGCnXILgOPLgcoZXCa4+2bctus2krhN08ES5oh1obeQB+EOC4v1sWV0DdfyTHEZMDSVLS9qTFHl9IUA==
  dependencies:
    "@aws-sdk/protocol-http" "3.49.0"
    "@aws-sdk/signature-v4" "3.49.0"
    "@aws-sdk/types" "3.49.0"
    "@aws-sdk/util-arn-parser" "3.49.0"
    tslib "^2.3.0"

"@aws-sdk/middleware-sdk-sts@3.49.0":
  version "3.49.0"
  resolved "https://registry.yarnpkg.com/@aws-sdk/middleware-sdk-sts/-/middleware-sdk-sts-3.49.0.tgz#48a3b1f084002ae7b23b5dec33081af37dd04055"
  integrity sha512-ZnLV37HKpMdK2x+69ZNqAqKr8rmweyMc//yZQRLtUKpKyQ/XSr0/KUBZXkgIny27aaBsrkplA5g1X2GrClRRZA==
  dependencies:
    "@aws-sdk/middleware-signing" "3.49.0"
    "@aws-sdk/property-provider" "3.49.0"
    "@aws-sdk/protocol-http" "3.49.0"
    "@aws-sdk/signature-v4" "3.49.0"
    "@aws-sdk/types" "3.49.0"
    tslib "^2.3.0"

"@aws-sdk/middleware-serde@3.49.0":
  version "3.49.0"
  resolved "https://registry.yarnpkg.com/@aws-sdk/middleware-serde/-/middleware-serde-3.49.0.tgz#228ebb4cce6e3085ba0c8de2d124d0990116f855"
  integrity sha512-bMAlwR19uFUZ4om+U+/vnPvkcyYw83HdtERF9wrjAqNUnqYsifA0xn4R7Sakg6CW8V0h82dsST6zVfmHd+E2VA==
  dependencies:
    "@aws-sdk/types" "3.49.0"
    tslib "^2.3.0"

"@aws-sdk/middleware-signing@3.49.0":
  version "3.49.0"
  resolved "https://registry.yarnpkg.com/@aws-sdk/middleware-signing/-/middleware-signing-3.49.0.tgz#512909a6548d435d96b949d95f14f10db4d1306a"
  integrity sha512-9p0xZjxV9zEQdOpA4MtzmblPRUgchevg5Q70E23yAU/Wjwzwf/6J93cUxdcS8HnmOIl0zQjJaYMTcBsvgJF1eg==
  dependencies:
    "@aws-sdk/property-provider" "3.49.0"
    "@aws-sdk/protocol-http" "3.49.0"
    "@aws-sdk/signature-v4" "3.49.0"
    "@aws-sdk/types" "3.49.0"
    tslib "^2.3.0"

"@aws-sdk/middleware-ssec@3.49.0":
  version "3.49.0"
  resolved "https://registry.yarnpkg.com/@aws-sdk/middleware-ssec/-/middleware-ssec-3.49.0.tgz#c0787590b932f3155a2a9303bce5ef2a43ae1319"
  integrity sha512-S7hfgOCYoqPe4YegSnwhQJ0KBVEhP6dIp7yLa1/yCJkqW2KSnLTvg6ao9vEFf/lhctZ72YZjm8v/2siXWCnDEA==
  dependencies:
    "@aws-sdk/types" "3.49.0"
    tslib "^2.3.0"

"@aws-sdk/middleware-stack@3.49.0":
  version "3.49.0"
  resolved "https://registry.yarnpkg.com/@aws-sdk/middleware-stack/-/middleware-stack-3.49.0.tgz#a50c4387315d0ce41049cd2f20bee49e3690c615"
  integrity sha512-OZxs2P7EH58gkvkTI7ESlUPGam0TkE0ZxOX35KjCOcYMuWvTMshKBzHRLX64nz3DYdaHSIGHgB1v8LKELZjltw==
  dependencies:
    tslib "^2.3.0"

"@aws-sdk/middleware-user-agent@3.49.0":
  version "3.49.0"
  resolved "https://registry.yarnpkg.com/@aws-sdk/middleware-user-agent/-/middleware-user-agent-3.49.0.tgz#684423b47c747b343a3e60cb3cdc4c00ecf522ce"
  integrity sha512-uAcKgafZ12L8UnyeQGgSFtwOKUfiBWDLt4P2fEHvZRz/HAIcK4pu1PXPArjwteinhUiCDNFfPw8hAPvstMoG6w==
  dependencies:
    "@aws-sdk/protocol-http" "3.49.0"
    "@aws-sdk/types" "3.49.0"
    tslib "^2.3.0"

"@aws-sdk/node-config-provider@3.49.0":
  version "3.49.0"
  resolved "https://registry.yarnpkg.com/@aws-sdk/node-config-provider/-/node-config-provider-3.49.0.tgz#3167274310f878aa8eded39c7e46bc71e83258d9"
  integrity sha512-OCn5c6M/RJDEO80Q+Iy4ADSYgqd/uyEsvp+7lU4di4bMND9kYT4JO2ky2SWjIuARGq/mhMOhaN2DO9MbcqV20g==
  dependencies:
    "@aws-sdk/property-provider" "3.49.0"
    "@aws-sdk/shared-ini-file-loader" "3.49.0"
    "@aws-sdk/types" "3.49.0"
    tslib "^2.3.0"

"@aws-sdk/node-http-handler@3.49.0":
  version "3.49.0"
  resolved "https://registry.yarnpkg.com/@aws-sdk/node-http-handler/-/node-http-handler-3.49.0.tgz#dce081a9bbc6e8ed5bf01f52a7dfdab6fc8b96a7"
  integrity sha512-t7D9hoSigBihC9RRgYrkzgSER0fYzZe7192pJAaP6jk13ZOpccQRfXZoKge/cm42aHJsTy8DdQdGtLg7wLTp0g==
  dependencies:
    "@aws-sdk/abort-controller" "3.49.0"
    "@aws-sdk/protocol-http" "3.49.0"
    "@aws-sdk/querystring-builder" "3.49.0"
    "@aws-sdk/types" "3.49.0"
    tslib "^2.3.0"

"@aws-sdk/property-provider@3.49.0":
  version "3.49.0"
  resolved "https://registry.yarnpkg.com/@aws-sdk/property-provider/-/property-provider-3.49.0.tgz#8f6bcacf386815ecd9f38ce52a185942f149f8ea"
  integrity sha512-6D48YpriOUpniezVuRI8J+MG+vgwb5C1SzBdgN4+S6DqbsEZy+kdEubXdoMICEd+Z8h7lH3p5zMr6po0icGCfA==
  dependencies:
    "@aws-sdk/types" "3.49.0"
    tslib "^2.3.0"

"@aws-sdk/protocol-http@3.49.0":
  version "3.49.0"
  resolved "https://registry.yarnpkg.com/@aws-sdk/protocol-http/-/protocol-http-3.49.0.tgz#52885b6a27ae84f8c45b002208d5a357543a17ad"
  integrity sha512-lb9CO7/vm26v4UwveWb4jSapqWWP/p0b9SuHpRExq+yMuvHqwxcoGrxmvS7FsanWbepRF1895dxU/Ar6/4pviA==
  dependencies:
    "@aws-sdk/types" "3.49.0"
    tslib "^2.3.0"

"@aws-sdk/querystring-builder@3.49.0":
  version "3.49.0"
  resolved "https://registry.yarnpkg.com/@aws-sdk/querystring-builder/-/querystring-builder-3.49.0.tgz#86826ba3762536f20dcc87ac1e4d6a37b7f0709e"
  integrity sha512-+NlgIYihVyUetZcrF1ADY0eg8WW1/ETD5bzTwguTiKduXVHmavSakXK1jJF5vg05mefljToZXjQnOaEs9+K9LA==
  dependencies:
    "@aws-sdk/types" "3.49.0"
    "@aws-sdk/util-uri-escape" "3.49.0"
    tslib "^2.3.0"

"@aws-sdk/querystring-parser@3.49.0":
  version "3.49.0"
  resolved "https://registry.yarnpkg.com/@aws-sdk/querystring-parser/-/querystring-parser-3.49.0.tgz#1cba61054809a40217bb50da9120aa770703bcf2"
  integrity sha512-4bSCHI5A8wi+JjsD1gAhMuGRGjDmlw6MoMWUiv4R2J8Ow/9mV8biKRo2ZytUPiSSu4G5JQ7mEkqFsm/VgkstDQ==
  dependencies:
    "@aws-sdk/types" "3.49.0"
    tslib "^2.3.0"

"@aws-sdk/service-error-classification@3.49.0":
  version "3.49.0"
  resolved "https://registry.yarnpkg.com/@aws-sdk/service-error-classification/-/service-error-classification-3.49.0.tgz#d9dae48523f63c418a7afa7344ee2d1584255a66"
  integrity sha512-iVmf7RcrIsM/We5ip8fe14RzEpSLF5eN8oqhCMftEdmMVnOYMd/9x0f1w69fbyBJNIIpyREqM8eAKz5OWQn5/g==

"@aws-sdk/shared-ini-file-loader@3.49.0":
  version "3.49.0"
  resolved "https://registry.yarnpkg.com/@aws-sdk/shared-ini-file-loader/-/shared-ini-file-loader-3.49.0.tgz#a4d7b84046d9aa28be8158f34f40c21bce1dffda"
  integrity sha512-TcgKU6U/3JZpenRFhGSy5R5QsBWkYoeawTK1rTK6deu3UbxVwtOkietbfwP3kIwKZ4hz6OkNeHcOJtXX/InZKw==
  dependencies:
    tslib "^2.3.0"

"@aws-sdk/signature-v4@3.49.0":
  version "3.49.0"
  resolved "https://registry.yarnpkg.com/@aws-sdk/signature-v4/-/signature-v4-3.49.0.tgz#dab5799b07f3be0e8eeb3cf9699793b1744cb4ba"
  integrity sha512-mQSGclWmv/9/MsgthBuKMHN6nkkhGTLXspkhqJ9xSUhjhoaHQVwMoJc39PowJGbYFn1AtCvHAqJtFXTGsMRwPA==
  dependencies:
    "@aws-sdk/is-array-buffer" "3.49.0"
    "@aws-sdk/types" "3.49.0"
    "@aws-sdk/util-hex-encoding" "3.49.0"
    "@aws-sdk/util-uri-escape" "3.49.0"
    tslib "^2.3.0"

"@aws-sdk/smithy-client@3.49.0":
  version "3.49.0"
  resolved "https://registry.yarnpkg.com/@aws-sdk/smithy-client/-/smithy-client-3.49.0.tgz#b9956290107597177c0364aa7e49693b58f12b70"
  integrity sha512-ANh9SlEvuru1DcalVoQ7K6wSCYuw4jyeTsIDsJSa13ckrmXAg+ql9vq61ELAXTSNVmuAISuuPjbVaWvOYCtdCQ==
  dependencies:
    "@aws-sdk/middleware-stack" "3.49.0"
    "@aws-sdk/types" "3.49.0"
    tslib "^2.3.0"

"@aws-sdk/types@3.49.0", "@aws-sdk/types@^3.1.0":
  version "3.49.0"
  resolved "https://registry.yarnpkg.com/@aws-sdk/types/-/types-3.49.0.tgz#d9fb882f7d0e70c301a9b512136e0502680f96fe"
  integrity sha512-8bCqEpquTlPN6xkjaJ+s+RoEFIu5r4G8oXOsQ5HYBvBdpx62HnCqzHLFNHycL2b8sE+VysQgNvmdQYR98vdMGQ==

"@aws-sdk/url-parser@3.49.0":
  version "3.49.0"
  resolved "https://registry.yarnpkg.com/@aws-sdk/url-parser/-/url-parser-3.49.0.tgz#8afb38df53445caf8ddfc48ae461634a5c32b885"
  integrity sha512-l5td6eu+sIjzNsZYVGr7Mz6vssf2j/8/QrrTYF76J2R6OoceCsKdyJgJPP/tXBdcp4HUZDdVcMqtWRbxGC4izQ==
  dependencies:
    "@aws-sdk/querystring-parser" "3.49.0"
    "@aws-sdk/types" "3.49.0"
    tslib "^2.3.0"

"@aws-sdk/util-arn-parser@3.49.0":
  version "3.49.0"
  resolved "https://registry.yarnpkg.com/@aws-sdk/util-arn-parser/-/util-arn-parser-3.49.0.tgz#31fb6a58c224ed6aaf807b0c18af46039f803f2e"
  integrity sha512-mAF4lzxqMUFMQAf+NQSxW7jC5hYXNM7mPItBFs/yI3F25MXBw88Q+wAof7iIyRnRcpJvgZ3I7P8vJriAwrSbFg==
  dependencies:
    tslib "^2.3.0"

"@aws-sdk/util-base64-browser@3.49.0":
  version "3.49.0"
  resolved "https://registry.yarnpkg.com/@aws-sdk/util-base64-browser/-/util-base64-browser-3.49.0.tgz#372ec36c7c8a37c3e79b6af0dc62453c57e6d343"
  integrity sha512-HFXJbsJC6AfrnO9M8KuFDo4ihvLbCbCFCfpWy0Gs4t8kTcvGqH8fIpfVsQKAtFHMmb8fen2LduOk+NNSA7srYw==
  dependencies:
    tslib "^2.3.0"

"@aws-sdk/util-base64-node@3.49.0":
  version "3.49.0"
  resolved "https://registry.yarnpkg.com/@aws-sdk/util-base64-node/-/util-base64-node-3.49.0.tgz#ac76df845ae90ca3580b8d95e9e990ec46e1b9ff"
  integrity sha512-xFAzOLZJOEZipG3KVLjB5z1g5PJSi6cmZOGWg2NC2/H5N0/Z+e5ObnIH8mpfO1d6kWchUuo3qJ6fTOvg/ynw7A==
  dependencies:
    "@aws-sdk/util-buffer-from" "3.49.0"
    tslib "^2.3.0"

"@aws-sdk/util-body-length-browser@3.49.0":
  version "3.49.0"
  resolved "https://registry.yarnpkg.com/@aws-sdk/util-body-length-browser/-/util-body-length-browser-3.49.0.tgz#8a8ad5c93ac8ed2767434454a872912829775bff"
  integrity sha512-4a9Bw33JGKefaZDORlosQRMKxJGEYEiDD5kgNvwIv+KRl5yj2unePia6aFWMqXTWqidOb9WVlqc0Lh73ei5pTg==
  dependencies:
    tslib "^2.3.0"

"@aws-sdk/util-body-length-node@3.49.0":
  version "3.49.0"
  resolved "https://registry.yarnpkg.com/@aws-sdk/util-body-length-node/-/util-body-length-node-3.49.0.tgz#572201e3669cfed98917763a3f099bf0a34ce1a6"
  integrity sha512-ME5Sc8jo9BzToUjWskQKZM/NqN9PpwRDTOSH6EISDBUiH5bhWfY8MLkZqIN2UZz/XOiV3yOeWAU+fMYNnGdAQQ==
  dependencies:
    tslib "^2.3.0"

"@aws-sdk/util-buffer-from@3.49.0":
  version "3.49.0"
  resolved "https://registry.yarnpkg.com/@aws-sdk/util-buffer-from/-/util-buffer-from-3.49.0.tgz#128a44f94d4e4676461d441e4da81be94a5c17fc"
  integrity sha512-8JbIPYn91f+16QpDk000PdIBlBZu8/SoL1nF2fpAJ+M98jXpKUws3oiCztJ2FPIKRe/3ikKuZM4HxWrDyJa40Q==
  dependencies:
    "@aws-sdk/is-array-buffer" "3.49.0"
    tslib "^2.3.0"

"@aws-sdk/util-config-provider@3.49.0":
  version "3.49.0"
  resolved "https://registry.yarnpkg.com/@aws-sdk/util-config-provider/-/util-config-provider-3.49.0.tgz#bfe46ac5559c65fe9443e26d9510abc2584a4d1c"
  integrity sha512-oVGT9q9UIGdv9Cra4B51QNciWKYQXTlfh8oD2FgLp91NbGTIkQLvK7Pah4TbBoa5+0u/obBI07UwCVn7wphWBQ==
  dependencies:
    tslib "^2.3.0"

"@aws-sdk/util-credentials@3.49.0":
  version "3.49.0"
  resolved "https://registry.yarnpkg.com/@aws-sdk/util-credentials/-/util-credentials-3.49.0.tgz#ca12506c572e988aa5d4ab230499ba2f0934fcf1"
  integrity sha512-RzbKeuylb56m0zPuLGl5/TkN07+c4PKhZu3hikpsvN8n8n7aFHWPUus63QEGgVaUMCZD0QV6HqJfsCVVFF7UIg==
  dependencies:
    "@aws-sdk/shared-ini-file-loader" "3.49.0"
    tslib "^2.3.0"

"@aws-sdk/util-defaults-mode-browser@3.49.0":
  version "3.49.0"
  resolved "https://registry.yarnpkg.com/@aws-sdk/util-defaults-mode-browser/-/util-defaults-mode-browser-3.49.0.tgz#aac47e0787a647b7970b3d3728dbc836d65ec8fd"
  integrity sha512-MNOvFET5TNBHgvsmfcLuxVDDUV0OIjE1lxrdbXWol7bMgLc2uL3/QOXWKCOUzcFCqTOnWCvbnwkOjs3f7Dpzmw==
  dependencies:
    "@aws-sdk/property-provider" "3.49.0"
    "@aws-sdk/types" "3.49.0"
    bowser "^2.11.0"
    tslib "^2.3.0"

"@aws-sdk/util-defaults-mode-node@3.49.0":
  version "3.49.0"
  resolved "https://registry.yarnpkg.com/@aws-sdk/util-defaults-mode-node/-/util-defaults-mode-node-3.49.0.tgz#cd6107cd63e5c265a144a3e2f85c2856462298e3"
  integrity sha512-bd5/ZJlNIX25n83mvcCh9eYQiDdf6gLHNH6ZftA/EbFfkE0o/qHrFhBhiB9HBY9ZoHhtoqrJNv5W9qKFHx1EIA==
  dependencies:
    "@aws-sdk/config-resolver" "3.49.0"
    "@aws-sdk/credential-provider-imds" "3.49.0"
    "@aws-sdk/node-config-provider" "3.49.0"
    "@aws-sdk/property-provider" "3.49.0"
    "@aws-sdk/types" "3.49.0"
    tslib "^2.3.0"

"@aws-sdk/util-hex-encoding@3.49.0":
  version "3.49.0"
  resolved "https://registry.yarnpkg.com/@aws-sdk/util-hex-encoding/-/util-hex-encoding-3.49.0.tgz#04d153679a1b14b2fecb4c38175d79b4a8fa8002"
  integrity sha512-ZbPu8Dd3Qm0BMP71FWUH7KPpZA/6izfkDlxbvHxtHdW7XYZALuJ0cVRpWGIY2fCSuA9X8Jfn60KMyjuSAuzM1w==
  dependencies:
    tslib "^2.3.0"

"@aws-sdk/util-locate-window@^3.0.0":
  version "3.49.0"
  resolved "https://registry.yarnpkg.com/@aws-sdk/util-locate-window/-/util-locate-window-3.49.0.tgz#516f45e248607493e44807a3148e0888026bf662"
  integrity sha512-ryw+t+quF1raaK0nXSplMiCVnahNLNgNDijZCFFkddGTMaCy+L4VRLYyNms3bgwt3G0BmVn9f3uyDWRSkn5sSg==
  dependencies:
    tslib "^2.3.0"

"@aws-sdk/util-uri-escape@3.49.0":
  version "3.49.0"
  resolved "https://registry.yarnpkg.com/@aws-sdk/util-uri-escape/-/util-uri-escape-3.49.0.tgz#190d7cce32ffa44e1fc6e02b0a59c65a8954bbb3"
  integrity sha512-NH7iQUYvijYZEOzZkF/QQrp8kBOA9H0Z89hR/63FDCjr1M0Cdcs1bLaFO0a0qbW9NQtoYNsMBMk7pTveDrAzTw==
  dependencies:
    tslib "^2.3.0"

"@aws-sdk/util-user-agent-browser@3.49.0":
  version "3.49.0"
  resolved "https://registry.yarnpkg.com/@aws-sdk/util-user-agent-browser/-/util-user-agent-browser-3.49.0.tgz#a45456997d4a162e967517ecd3e7ffd46e1913b5"
  integrity sha512-RR4E6WlDSu9SivPjx/Jddo87PeVg6dhRL0XGdDBpew7i8bfwqCvxQydkbWIetxucLrt9zII9QnLDQUPBue1xUw==
  dependencies:
    "@aws-sdk/types" "3.49.0"
    bowser "^2.11.0"
    tslib "^2.3.0"

"@aws-sdk/util-user-agent-node@3.49.0":
  version "3.49.0"
  resolved "https://registry.yarnpkg.com/@aws-sdk/util-user-agent-node/-/util-user-agent-node-3.49.0.tgz#cb8b3a834cf53856b01617e4ce36f75c2abd361e"
  integrity sha512-ixUkF6kcDfsWO0kivyOKAnBITJm7InGa04ALbgAfuuE7RU1cVkXVMFIn5vux7QkziK7+JwozM9SNPIwNukElDw==
  dependencies:
    "@aws-sdk/node-config-provider" "3.49.0"
    "@aws-sdk/types" "3.49.0"
    tslib "^2.3.0"

"@aws-sdk/util-utf8-browser@3.49.0", "@aws-sdk/util-utf8-browser@^3.0.0":
  version "3.49.0"
  resolved "https://registry.yarnpkg.com/@aws-sdk/util-utf8-browser/-/util-utf8-browser-3.49.0.tgz#d98f19098cc8072214237e749e64d41bb88c598d"
  integrity sha512-u9ZgAiTWX9yZFQ/ptlnVpYJ/rXF7aE2Wagar1IjhZrnxXbpVJvcX1EeRayxI1P5AAp2y2fiEKHZzX9ugTwOcEg==
  dependencies:
    tslib "^2.3.0"

"@aws-sdk/util-utf8-node@3.49.0":
  version "3.49.0"
  resolved "https://registry.yarnpkg.com/@aws-sdk/util-utf8-node/-/util-utf8-node-3.49.0.tgz#f1ae484e949de248278cdfa11df09287129a124e"
  integrity sha512-QTF5b5OT2y6xsQl8sDiiXqg2n/VtgqFA+tP3WMooOSFd/ZFBbT6HoiSHXHMeTjpB/L9ZT+eUaCoBz8Jq09lBDg==
  dependencies:
    "@aws-sdk/util-buffer-from" "3.49.0"
    tslib "^2.3.0"

"@aws-sdk/util-waiter@3.49.0":
  version "3.49.0"
  resolved "https://registry.yarnpkg.com/@aws-sdk/util-waiter/-/util-waiter-3.49.0.tgz#328075567b246a2b584dcfefe3a135344e3e475f"
  integrity sha512-eKrKOLcIhjA/MyjIfwgLL6ZUfGYf6VxBXryuRf8CmJKAo71ZO6ipAsy1X3uYrfwQQBMKV4VZu48BJx5PUBM7GA==
  dependencies:
    "@aws-sdk/abort-controller" "3.49.0"
    "@aws-sdk/types" "3.49.0"
    tslib "^2.3.0"

"@aws-sdk/xml-builder@3.49.0":
  version "3.49.0"
  resolved "https://registry.yarnpkg.com/@aws-sdk/xml-builder/-/xml-builder-3.49.0.tgz#809eec53a2e30293c510451a06c99703b5297bcb"
  integrity sha512-eU5sIZRWq8pNmw++RfpFI8396UtDW8JxYLcKfJLGQC/qDhwCo+sNPKydXFmDrXTIt/khs3K0qx/vZ5V76irc2Q==
  dependencies:
    tslib "^2.3.0"

"@cspotcode/source-map-consumer@0.8.0":
  version "0.8.0"
  resolved "https://registry.yarnpkg.com/@cspotcode/source-map-consumer/-/source-map-consumer-0.8.0.tgz#33bf4b7b39c178821606f669bbc447a6a629786b"
  integrity sha512-41qniHzTU8yAGbCp04ohlmSrZf8bkf/iJsl3V0dRGsQN/5GFfx+LbCSsCpp2gqrqjTVg/K6O8ycoV35JIwAzAg==

"@cspotcode/source-map-support@0.7.0":
  version "0.7.0"
  resolved "https://registry.yarnpkg.com/@cspotcode/source-map-support/-/source-map-support-0.7.0.tgz#4789840aa859e46d2f3173727ab707c66bf344f5"
  integrity sha512-X4xqRHqN8ACt2aHVe51OxeA2HjbcL4MqFqXkrmQszJ1NOUuUu5u6Vqx/0lZSVNku7velL5FC/s5uEAj1lsBMhA==
  dependencies:
    "@cspotcode/source-map-consumer" "0.8.0"

"@tsconfig/node10@^1.0.7":
  version "1.0.8"
  resolved "https://registry.yarnpkg.com/@tsconfig/node10/-/node10-1.0.8.tgz#c1e4e80d6f964fbecb3359c43bd48b40f7cadad9"
  integrity sha512-6XFfSQmMgq0CFLY1MslA/CPUfhIL919M1rMsa5lP2P097N2Wd1sSX0tx1u4olM16fLNhtHZpRhedZJphNJqmZg==

"@tsconfig/node12@^1.0.7":
  version "1.0.9"
  resolved "https://registry.yarnpkg.com/@tsconfig/node12/-/node12-1.0.9.tgz#62c1f6dee2ebd9aead80dc3afa56810e58e1a04c"
  integrity sha512-/yBMcem+fbvhSREH+s14YJi18sp7J9jpuhYByADT2rypfajMZZN4WQ6zBGgBKp53NKmqI36wFYDb3yaMPurITw==

"@tsconfig/node14@^1.0.0":
  version "1.0.1"
  resolved "https://registry.yarnpkg.com/@tsconfig/node14/-/node14-1.0.1.tgz#95f2d167ffb9b8d2068b0b235302fafd4df711f2"
  integrity sha512-509r2+yARFfHHE7T6Puu2jjkoycftovhXRqW328PDXTVGKihlb1P8Z9mMZH04ebyajfRY7dedfGynlrFHJUQCg==

"@tsconfig/node16@^1.0.2":
  version "1.0.2"
  resolved "https://registry.yarnpkg.com/@tsconfig/node16/-/node16-1.0.2.tgz#423c77877d0569db20e1fc80885ac4118314010e"
  integrity sha512-eZxlbI8GZscaGS7kkc/trHTT5xgrjH3/1n2JDwusC9iahPKWMRvRjJSAN5mCXviuTGQ/lHnhvv8Q1YTpnfz9gA==

"@types/node@^16.11.0":
  version "16.11.22"
  resolved "https://registry.yarnpkg.com/@types/node/-/node-16.11.22.tgz#e704150225bfc4195f8ce68a7ac8da02b753549a"
  integrity sha512-DYNtJWauMQ9RNpesl4aVothr97/tIJM8HbyOXJ0AYT1Z2bEjLHyfjOBPAQQVMLf8h3kSShYfNk8Wnto8B2zHUA==

acorn-walk@^8.1.1:
  version "8.2.0"
  resolved "https://registry.yarnpkg.com/acorn-walk/-/acorn-walk-8.2.0.tgz#741210f2e2426454508853a2f44d0ab83b7f69c1"
  integrity sha512-k+iyHEuPgSw6SbuDpGQM+06HQUa04DZ3o+F6CSzXMvvI5KMvnaEqXe+YVe555R9nn6GPt404fos4wcgpw12SDA==

acorn@^8.4.1:
  version "8.7.0"
  resolved "https://registry.yarnpkg.com/acorn/-/acorn-8.7.0.tgz#90951fde0f8f09df93549481e5fc141445b791cf"
  integrity sha512-V/LGr1APy+PXIwKebEWrkZPwoeoF+w1jiOBUmuxuiUIaOHtob8Qc9BTrYo7VuI5fR8tqsy+buA2WFooR5olqvQ==

arg@^4.1.0:
  version "4.1.3"
  resolved "https://registry.yarnpkg.com/arg/-/arg-4.1.3.tgz#269fc7ad5b8e42cb63c896d5666017261c144089"
  integrity sha512-58S9QDqG0Xx27YwPSt9fJxivjYl432YCwfDMfZ+71RAqUrZef7LrKQZ3LHLOwCS4FLNBplP533Zx895SeOCHvA==

bowser@^2.11.0:
  version "2.11.0"
  resolved "https://registry.yarnpkg.com/bowser/-/bowser-2.11.0.tgz#5ca3c35757a7aa5771500c70a73a9f91ef420a8f"
  integrity sha512-AlcaJBi/pqqJBIQ8U9Mcpc9i8Aqxn88Skv5d+xBX006BY5u8N3mGLHa5Lgppa7L/HfwgwLgZ6NYs+Ag6uUmJRA==

create-require@^1.1.0:
  version "1.1.1"
  resolved "https://registry.yarnpkg.com/create-require/-/create-require-1.1.1.tgz#c1d7e8f1e5f6cfc9ff65f9cd352d37348756c333"
  integrity sha512-dcKFX3jn0MpIaXjisoRvexIJVEKzaq7z2rZKxf+MSr9TkdmHmsU4m2lcLojrj/FHl8mk5VxMmYA+ftRkP/3oKQ==

diff@^4.0.1:
  version "4.0.2"
  resolved "https://registry.yarnpkg.com/diff/-/diff-4.0.2.tgz#60f3aecb89d5fae520c11aa19efc2bb982aade7d"
  integrity sha512-58lmxKSA4BNyLz+HHMUzlOEpg09FV+ev6ZMe3vJihgdxzgcwZ8VoEEPmALCZG9LmqfVoNMMKpttIYTVG6uDY7A==

entities@2.2.0:
  version "2.2.0"
  resolved "https://registry.yarnpkg.com/entities/-/entities-2.2.0.tgz#098dc90ebb83d8dffa089d55256b351d34c4da55"
  integrity sha512-p92if5Nz619I0w+akJrLZH0MX0Pb5DX39XOwQTtXSdQQOaYH03S1uIQp4mhOZtAXrxq4ViO67YTiLBo2638o9A==

fast-xml-parser@3.19.0:
  version "3.19.0"
  resolved "https://registry.yarnpkg.com/fast-xml-parser/-/fast-xml-parser-3.19.0.tgz#cb637ec3f3999f51406dd8ff0e6fc4d83e520d01"
  integrity sha512-4pXwmBplsCPv8FOY1WRakF970TjNGnGnfbOnLqjlYvMiF1SR3yOHyxMR/YCXpPTOspNF5gwudqktIP4VsWkvBg==

make-error@^1.1.1:
  version "1.3.6"
  resolved "https://registry.yarnpkg.com/make-error/-/make-error-1.3.6.tgz#2eb2e37ea9b67c4891f684a1394799af484cf7a2"
  integrity sha512-s8UhlNe7vPKomQhC1qFelMokr/Sc3AgNbso3n74mVPA5LTZwkB9NlXf4XPamLxJE8h0gh73rM94xvwRT2CVInw==

ts-node@^10.3.0:
  version "10.5.0"
  resolved "https://registry.yarnpkg.com/ts-node/-/ts-node-10.5.0.tgz#618bef5854c1fbbedf5e31465cbb224a1d524ef9"
  integrity sha512-6kEJKwVxAJ35W4akuiysfKwKmjkbYxwQMTBaAxo9KKAx/Yd26mPUyhGz3ji+EsJoAgrLqVsYHNuuYwQe22lbtw==
  dependencies:
    "@cspotcode/source-map-support" "0.7.0"
    "@tsconfig/node10" "^1.0.7"
    "@tsconfig/node12" "^1.0.7"
    "@tsconfig/node14" "^1.0.0"
    "@tsconfig/node16" "^1.0.2"
    acorn "^8.4.1"
    acorn-walk "^8.1.1"
    arg "^4.1.0"
    create-require "^1.1.0"
    diff "^4.0.1"
    make-error "^1.1.1"
    v8-compile-cache-lib "^3.0.0"
    yn "3.1.1"

tslib@^1.11.1:
  version "1.14.1"
  resolved "https://registry.yarnpkg.com/tslib/-/tslib-1.14.1.tgz#cf2d38bdc34a134bcaf1091c41f6619e2f672d00"
  integrity sha512-Xni35NKzjgMrwevysHTCArtLDpPvye8zV/0E4EyYn43P7/7qvQwPh9BGkHewbMulVntbigmcT7rdX3BNo9wRJg==

tslib@^2.3.0:
  version "2.3.1"
  resolved "https://registry.yarnpkg.com/tslib/-/tslib-2.3.1.tgz#e8a335add5ceae51aa261d32a490158ef042ef01"
  integrity sha512-77EbyPPpMz+FRFRuAFlWMtmgUWGe9UOG2Z25NqCwiIjRhOf5iKGuzSe5P2w1laq+FkRy4p+PCuVkJSGkzTEKVw==

typescript@^4.4.0:
  version "4.5.5"
  resolved "https://registry.yarnpkg.com/typescript/-/typescript-4.5.5.tgz#d8c953832d28924a9e3d37c73d729c846c5896f3"
  integrity sha512-TCTIul70LyWe6IJWT8QSYeA54WQe8EjQFU4wY52Fasj5UKx88LNYKCgBEHcOMOrFF1rKGbD8v/xcNWVUq9SymA==

uuid@^8.3.2:
  version "8.3.2"
  resolved "https://registry.yarnpkg.com/uuid/-/uuid-8.3.2.tgz#80d5b5ced271bb9af6c445f21a1a04c606cefbe2"
  integrity sha512-+NYs2QeMWy+GWFOEm9xnn6HCDp0l7QBD7ml8zLUmJ+93Q5NF0NocErnwkTkXVFNiX3/fpC6afS8Dhb/gz7R7eg==

v8-compile-cache-lib@^3.0.0:
  version "3.0.0"
  resolved "https://registry.yarnpkg.com/v8-compile-cache-lib/-/v8-compile-cache-lib-3.0.0.tgz#0582bcb1c74f3a2ee46487ceecf372e46bce53e8"
  integrity sha512-mpSYqfsFvASnSn5qMiwrr4VKfumbPyONLCOPmsR3A6pTY/r0+tSaVbgPWSAIuzbk3lCTa+FForeTiO+wBQGkjA==

yn@3.1.1:
  version "3.1.1"
  resolved "https://registry.yarnpkg.com/yn/-/yn-3.1.1.tgz#1e87401a09d767c1d5eab26a6e4c185182d2eb50"
  integrity sha512-Ux4ygGWsu2c7isFWe8Yu1YluJmqVhxqK2cLXNQA5AcC3QfbGNpM7fu0Y8b/z16pXLnFxZYvWhd3fhBY9DLmC6Q==
