# THIS IS AN AUTOGENERATED FILE. DO NOT EDIT THIS FILE DIRECTLY.
# yarn lockfile v1


"@aws-crypto/ie11-detection@^2.0.0":
  version "2.0.0"
  resolved "https://registry.yarnpkg.com/@aws-crypto/ie11-detection/-/ie11-detection-2.0.0.tgz#bb6c2facf8f03457e949dcf0921477397ffa4c6e"
  integrity sha512-pkVXf/dq6PITJ0jzYZ69VhL8VFOFoPZLZqtU/12SGnzYuJOOGNfF41q9GxdI1yqC8R13Rq3jOLKDFpUJFT5eTA==
  dependencies:
    tslib "^1.11.1"

"@aws-crypto/sha256-browser@2.0.0":
  version "2.0.0"
  resolved "https://registry.yarnpkg.com/@aws-crypto/sha256-browser/-/sha256-browser-2.0.0.tgz#741c9024df55ec59b51e5b1f5d806a4852699fb5"
  integrity sha512-rYXOQ8BFOaqMEHJrLHul/25ckWH6GTJtdLSajhlqGMx0PmSueAuvboCuZCTqEKlxR8CQOwRarxYMZZSYlhRA1A==
  dependencies:
    "@aws-crypto/ie11-detection" "^2.0.0"
    "@aws-crypto/sha256-js" "^2.0.0"
    "@aws-crypto/supports-web-crypto" "^2.0.0"
    "@aws-crypto/util" "^2.0.0"
    "@aws-sdk/types" "^3.1.0"
    "@aws-sdk/util-locate-window" "^3.0.0"
    "@aws-sdk/util-utf8-browser" "^3.0.0"
    tslib "^1.11.1"

"@aws-crypto/sha256-js@2.0.0":
  version "2.0.0"
  resolved "https://registry.yarnpkg.com/@aws-crypto/sha256-js/-/sha256-js-2.0.0.tgz#f1f936039bdebd0b9e2dd834d65afdc2aac4efcb"
  integrity sha512-VZY+mCY4Nmrs5WGfitmNqXzaE873fcIZDu54cbaDaaamsaTOP1DBImV9F4pICc3EHjQXujyE8jig+PFCaew9ig==
  dependencies:
    "@aws-crypto/util" "^2.0.0"
    "@aws-sdk/types" "^3.1.0"
    tslib "^1.11.1"

"@aws-crypto/sha256-js@^2.0.0":
  version "2.0.1"
  resolved "https://registry.yarnpkg.com/@aws-crypto/sha256-js/-/sha256-js-2.0.1.tgz#79e1e6cf61f652ef2089c08d471c722ecf1626a9"
  integrity sha512-mbHTBSPBvg6o/mN/c18Z/zifM05eJrapj5ggoOIeHIWckvkv5VgGi7r/wYpt+QAO2ySKXLNvH2d8L7bne4xrMQ==
  dependencies:
    "@aws-crypto/util" "^2.0.1"
    "@aws-sdk/types" "^3.1.0"
    tslib "^1.11.1"

"@aws-crypto/supports-web-crypto@^2.0.0":
  version "2.0.0"
  resolved "https://registry.yarnpkg.com/@aws-crypto/supports-web-crypto/-/supports-web-crypto-2.0.0.tgz#fd6cde30b88f77d5a4f57b2c37c560d918014f9e"
  integrity sha512-Ge7WQ3E0OC7FHYprsZV3h0QIcpdyJLvIeg+uTuHqRYm8D6qCFJoiC+edSzSyFiHtZf+NOQDJ1q46qxjtzIY2nA==
  dependencies:
    tslib "^1.11.1"

"@aws-crypto/util@^2.0.0", "@aws-crypto/util@^2.0.1":
  version "2.0.1"
  resolved "https://registry.yarnpkg.com/@aws-crypto/util/-/util-2.0.1.tgz#976cf619cf85084ca85ec5eb947a6ac6b8b5c98c"
  integrity sha512-JJmFFwvbm08lULw4Nm5QOLg8+lAQeC8aCXK5xrtxntYzYXCGfHwUJ4Is3770Q7HmICsXthGQ+ZsDL7C2uH3yBQ==
  dependencies:
    "@aws-sdk/types" "^3.1.0"
    "@aws-sdk/util-utf8-browser" "^3.0.0"
    tslib "^1.11.1"

"@aws-sdk/abort-controller@3.127.0":
  version "3.127.0"
  resolved "https://registry.yarnpkg.com/@aws-sdk/abort-controller/-/abort-controller-3.127.0.tgz#60c98bffdb185d8eb5d3e43f30f57a32cc8687d6"
  integrity sha512-G77FLYcl9egUoD3ZmR6TX94NMqBMeT53hBGrEE3uVUJV1CwfGKfaF007mPpRZnIB3avnJBQGEK6MrwlCfv2qAw==
  dependencies:
    "@aws-sdk/types" "3.127.0"
    tslib "^2.3.1"

"@aws-sdk/client-athena@^3.131.0":
  version "3.131.0"
  resolved "https://registry.yarnpkg.com/@aws-sdk/client-athena/-/client-athena-3.131.0.tgz#8031a97fb998cc286d41ef7666f6ac3394be0cb0"
  integrity sha512-TRXVAA8HUojJAjP21sAEGOdfEjU8zM8mhQTrPpEl4XKC43bGEb3NnFHh3ZxZo+t6FEFNs3M2c/l05MhZQFz6vw==
  dependencies:
    "@aws-crypto/sha256-browser" "2.0.0"
    "@aws-crypto/sha256-js" "2.0.0"
    "@aws-sdk/client-sts" "3.131.0"
    "@aws-sdk/config-resolver" "3.130.0"
    "@aws-sdk/credential-provider-node" "3.131.0"
    "@aws-sdk/fetch-http-handler" "3.131.0"
    "@aws-sdk/hash-node" "3.127.0"
    "@aws-sdk/invalid-dependency" "3.127.0"
    "@aws-sdk/middleware-content-length" "3.127.0"
    "@aws-sdk/middleware-host-header" "3.127.0"
    "@aws-sdk/middleware-logger" "3.127.0"
    "@aws-sdk/middleware-recursion-detection" "3.127.0"
    "@aws-sdk/middleware-retry" "3.127.0"
    "@aws-sdk/middleware-serde" "3.127.0"
    "@aws-sdk/middleware-signing" "3.130.0"
    "@aws-sdk/middleware-stack" "3.127.0"
    "@aws-sdk/middleware-user-agent" "3.127.0"
    "@aws-sdk/node-config-provider" "3.127.0"
    "@aws-sdk/node-http-handler" "3.127.0"
    "@aws-sdk/protocol-http" "3.127.0"
    "@aws-sdk/smithy-client" "3.127.0"
    "@aws-sdk/types" "3.127.0"
    "@aws-sdk/url-parser" "3.127.0"
    "@aws-sdk/util-base64-browser" "3.109.0"
    "@aws-sdk/util-base64-node" "3.55.0"
    "@aws-sdk/util-body-length-browser" "3.55.0"
    "@aws-sdk/util-body-length-node" "3.55.0"
    "@aws-sdk/util-defaults-mode-browser" "3.127.0"
    "@aws-sdk/util-defaults-mode-node" "3.130.0"
    "@aws-sdk/util-user-agent-browser" "3.127.0"
    "@aws-sdk/util-user-agent-node" "3.127.0"
    "@aws-sdk/util-utf8-browser" "3.109.0"
    "@aws-sdk/util-utf8-node" "3.109.0"
    tslib "^2.3.1"
    uuid "^8.3.2"

"@aws-sdk/client-sso@3.131.0":
  version "3.131.0"
  resolved "https://registry.yarnpkg.com/@aws-sdk/client-sso/-/client-sso-3.131.0.tgz#2a1177854092a64e976720a7e69bbab0d72e0855"
  integrity sha512-6fbjqLdVZF7mvGpHjWX5YsqBE/99MilNtGUFlwuf4/KnmYy49V16A6Dltnd43Hu6HVGxJ8caH9nCkIdNp3YZcQ==
  dependencies:
    "@aws-crypto/sha256-browser" "2.0.0"
    "@aws-crypto/sha256-js" "2.0.0"
    "@aws-sdk/config-resolver" "3.130.0"
    "@aws-sdk/fetch-http-handler" "3.131.0"
    "@aws-sdk/hash-node" "3.127.0"
    "@aws-sdk/invalid-dependency" "3.127.0"
    "@aws-sdk/middleware-content-length" "3.127.0"
    "@aws-sdk/middleware-host-header" "3.127.0"
    "@aws-sdk/middleware-logger" "3.127.0"
    "@aws-sdk/middleware-recursion-detection" "3.127.0"
    "@aws-sdk/middleware-retry" "3.127.0"
    "@aws-sdk/middleware-serde" "3.127.0"
    "@aws-sdk/middleware-stack" "3.127.0"
    "@aws-sdk/middleware-user-agent" "3.127.0"
    "@aws-sdk/node-config-provider" "3.127.0"
    "@aws-sdk/node-http-handler" "3.127.0"
    "@aws-sdk/protocol-http" "3.127.0"
    "@aws-sdk/smithy-client" "3.127.0"
    "@aws-sdk/types" "3.127.0"
    "@aws-sdk/url-parser" "3.127.0"
    "@aws-sdk/util-base64-browser" "3.109.0"
    "@aws-sdk/util-base64-node" "3.55.0"
    "@aws-sdk/util-body-length-browser" "3.55.0"
    "@aws-sdk/util-body-length-node" "3.55.0"
    "@aws-sdk/util-defaults-mode-browser" "3.127.0"
    "@aws-sdk/util-defaults-mode-node" "3.130.0"
    "@aws-sdk/util-user-agent-browser" "3.127.0"
    "@aws-sdk/util-user-agent-node" "3.127.0"
    "@aws-sdk/util-utf8-browser" "3.109.0"
    "@aws-sdk/util-utf8-node" "3.109.0"
    tslib "^2.3.1"

"@aws-sdk/client-sts@3.131.0":
  version "3.131.0"
  resolved "https://registry.yarnpkg.com/@aws-sdk/client-sts/-/client-sts-3.131.0.tgz#5867be8c1e9cf71c9abad90e3a67c8d10a5aa89b"
  integrity sha512-D9GAnF8n3VwFhaE+jxXH035ZZ24WxpY36DUxszCRwXbA7qFazY1BTs1WoKFr8tDH4/iUUqCXd8NuA1l4RiwnqQ==
  dependencies:
    "@aws-crypto/sha256-browser" "2.0.0"
    "@aws-crypto/sha256-js" "2.0.0"
    "@aws-sdk/config-resolver" "3.130.0"
    "@aws-sdk/credential-provider-node" "3.131.0"
    "@aws-sdk/fetch-http-handler" "3.131.0"
    "@aws-sdk/hash-node" "3.127.0"
    "@aws-sdk/invalid-dependency" "3.127.0"
    "@aws-sdk/middleware-content-length" "3.127.0"
    "@aws-sdk/middleware-host-header" "3.127.0"
    "@aws-sdk/middleware-logger" "3.127.0"
    "@aws-sdk/middleware-recursion-detection" "3.127.0"
    "@aws-sdk/middleware-retry" "3.127.0"
    "@aws-sdk/middleware-sdk-sts" "3.130.0"
    "@aws-sdk/middleware-serde" "3.127.0"
    "@aws-sdk/middleware-signing" "3.130.0"
    "@aws-sdk/middleware-stack" "3.127.0"
    "@aws-sdk/middleware-user-agent" "3.127.0"
    "@aws-sdk/node-config-provider" "3.127.0"
    "@aws-sdk/node-http-handler" "3.127.0"
    "@aws-sdk/protocol-http" "3.127.0"
    "@aws-sdk/smithy-client" "3.127.0"
    "@aws-sdk/types" "3.127.0"
    "@aws-sdk/url-parser" "3.127.0"
    "@aws-sdk/util-base64-browser" "3.109.0"
    "@aws-sdk/util-base64-node" "3.55.0"
    "@aws-sdk/util-body-length-browser" "3.55.0"
    "@aws-sdk/util-body-length-node" "3.55.0"
    "@aws-sdk/util-defaults-mode-browser" "3.127.0"
    "@aws-sdk/util-defaults-mode-node" "3.130.0"
    "@aws-sdk/util-user-agent-browser" "3.127.0"
    "@aws-sdk/util-user-agent-node" "3.127.0"
    "@aws-sdk/util-utf8-browser" "3.109.0"
    "@aws-sdk/util-utf8-node" "3.109.0"
    entities "2.2.0"
    fast-xml-parser "3.19.0"
    tslib "^2.3.1"

"@aws-sdk/config-resolver@3.130.0":
  version "3.130.0"
  resolved "https://registry.yarnpkg.com/@aws-sdk/config-resolver/-/config-resolver-3.130.0.tgz#ba0fa915fa5613e87051a9826531e59cab4387b1"
  integrity sha512-7dkCHHI9kRcHW6YNr9/2Ub6XkvU9Fu6H/BnlKbaKlDR8jq7QpaFhPhctOVi5D/NDpxJgALifexFne0dvo3piTw==
  dependencies:
    "@aws-sdk/signature-v4" "3.130.0"
    "@aws-sdk/types" "3.127.0"
    "@aws-sdk/util-config-provider" "3.109.0"
    "@aws-sdk/util-middleware" "3.127.0"
    tslib "^2.3.1"

"@aws-sdk/credential-provider-env@3.127.0":
  version "3.127.0"
  resolved "https://registry.yarnpkg.com/@aws-sdk/credential-provider-env/-/credential-provider-env-3.127.0.tgz#06eb67461f7df8feb14abd3b459f682544d78e43"
  integrity sha512-Ig7XhUikRBlnRTYT5JBGzWfYZp68X5vkFVIFCmsHHt/qVy0Nz9raZpmDHicdS1u67yxDkWgCPn/bNevWnM0GFg==
  dependencies:
    "@aws-sdk/property-provider" "3.127.0"
    "@aws-sdk/types" "3.127.0"
    tslib "^2.3.1"

"@aws-sdk/credential-provider-imds@3.127.0":
  version "3.127.0"
  resolved "https://registry.yarnpkg.com/@aws-sdk/credential-provider-imds/-/credential-provider-imds-3.127.0.tgz#1fc7b40bf21adcc2a897e47b72796bd8ebcc7d86"
  integrity sha512-I6KlIBBzmJn/U1KikiC50PK3SspT9G5lkVLBaW5a6YfOcijqVTXfAN3kYzqhfeS0j4IgfJEwKVsjsZfmprJO5A==
  dependencies:
    "@aws-sdk/node-config-provider" "3.127.0"
    "@aws-sdk/property-provider" "3.127.0"
    "@aws-sdk/types" "3.127.0"
    "@aws-sdk/url-parser" "3.127.0"
    tslib "^2.3.1"

"@aws-sdk/credential-provider-ini@3.131.0":
  version "3.131.0"
  resolved "https://registry.yarnpkg.com/@aws-sdk/credential-provider-ini/-/credential-provider-ini-3.131.0.tgz#fa22aebeb65804b8ec1c4a7167292a80ea7d8131"
  integrity sha512-0hA2ZwRUDmG5Wp/1t5BLvju2kZft1T3b3KC068ZY3t1+t/O46R6R9vINKEodohKTbfmGddu+aGY58Ai+N7O5Xw==
  dependencies:
    "@aws-sdk/credential-provider-env" "3.127.0"
    "@aws-sdk/credential-provider-imds" "3.127.0"
    "@aws-sdk/credential-provider-sso" "3.131.0"
    "@aws-sdk/credential-provider-web-identity" "3.127.0"
    "@aws-sdk/property-provider" "3.127.0"
    "@aws-sdk/shared-ini-file-loader" "3.127.0"
    "@aws-sdk/types" "3.127.0"
    tslib "^2.3.1"

"@aws-sdk/credential-provider-node@3.131.0":
  version "3.131.0"
  resolved "https://registry.yarnpkg.com/@aws-sdk/credential-provider-node/-/credential-provider-node-3.131.0.tgz#df76ef73c90320121a9d63d3c85e1579d58b9125"
  integrity sha512-nVQ6P91nd7i/G+iEnKWVwRRsQZIdY0qfza2+v70fOphjv0vzgDN7Xbn1GiYQVbxBiuxMSjQqg1r/p9PdRmt6QA==
  dependencies:
    "@aws-sdk/credential-provider-env" "3.127.0"
    "@aws-sdk/credential-provider-imds" "3.127.0"
    "@aws-sdk/credential-provider-ini" "3.131.0"
    "@aws-sdk/credential-provider-process" "3.127.0"
    "@aws-sdk/credential-provider-sso" "3.131.0"
    "@aws-sdk/credential-provider-web-identity" "3.127.0"
    "@aws-sdk/property-provider" "3.127.0"
    "@aws-sdk/shared-ini-file-loader" "3.127.0"
    "@aws-sdk/types" "3.127.0"
    tslib "^2.3.1"

"@aws-sdk/credential-provider-process@3.127.0":
  version "3.127.0"
  resolved "https://registry.yarnpkg.com/@aws-sdk/credential-provider-process/-/credential-provider-process-3.127.0.tgz#6046a20013a3edd58b631668ed1d73dfd63a931c"
  integrity sha512-6v0m2lqkO9J5fNlTl+HjriQNIdfg8mjVST544+5y9EnC/FVmTnIz64vfHveWdNkP/fehFx7wTimNENtoSqCn3A==
  dependencies:
    "@aws-sdk/property-provider" "3.127.0"
    "@aws-sdk/shared-ini-file-loader" "3.127.0"
    "@aws-sdk/types" "3.127.0"
    tslib "^2.3.1"

"@aws-sdk/credential-provider-sso@3.131.0":
  version "3.131.0"
  resolved "https://registry.yarnpkg.com/@aws-sdk/credential-provider-sso/-/credential-provider-sso-3.131.0.tgz#263694373bb9ee87d622d32a3e79d4e0ff4e9787"
  integrity sha512-3LVan87e6NqnwUrpmjM5dbx8LbZyGG7Gdzf68YL0tZFptCFh1mR/kTJCToGX/hm7Jf3SRU3wtUWJ6G72yP72Sw==
  dependencies:
    "@aws-sdk/client-sso" "3.131.0"
    "@aws-sdk/property-provider" "3.127.0"
    "@aws-sdk/shared-ini-file-loader" "3.127.0"
    "@aws-sdk/types" "3.127.0"
    tslib "^2.3.1"

"@aws-sdk/credential-provider-web-identity@3.127.0":
  version "3.127.0"
  resolved "https://registry.yarnpkg.com/@aws-sdk/credential-provider-web-identity/-/credential-provider-web-identity-3.127.0.tgz#a56c390bf0148f20573abd022930b28df345043a"
  integrity sha512-85ahDZnLYB3dqkW+cQ0bWt+NVqOoxomTrJoq3IC2q6muebeFrJ0pyf0JEW/RNRzBiUvvsZujzGdWifzWyQKfVg==
  dependencies:
    "@aws-sdk/property-provider" "3.127.0"
    "@aws-sdk/types" "3.127.0"
    tslib "^2.3.1"

"@aws-sdk/fetch-http-handler@3.131.0":
  version "3.131.0"
  resolved "https://registry.yarnpkg.com/@aws-sdk/fetch-http-handler/-/fetch-http-handler-3.131.0.tgz#426721ba3c4e7687a6c12ce10bdc661900325815"
  integrity sha512-eNxmPZQX2IUeBGWHNC7eNTekWn9VIPLYEMKJbKYUBJryxuTJ7TtLeyEK5oakUjMwP1AUvWT+CV7C+8L7uG1omQ==
  dependencies:
    "@aws-sdk/protocol-http" "3.127.0"
    "@aws-sdk/querystring-builder" "3.127.0"
    "@aws-sdk/types" "3.127.0"
    "@aws-sdk/util-base64-browser" "3.109.0"
    tslib "^2.3.1"

"@aws-sdk/hash-node@3.127.0":
  version "3.127.0"
  resolved "https://registry.yarnpkg.com/@aws-sdk/hash-node/-/hash-node-3.127.0.tgz#2fbbeb509a515e6a5cfd6846c02cc1967961a40b"
  integrity sha512-wx7DKlXdKebH4JcMsOevdsm2oDNMVm36kuMm0XWRIrFWQ/oq7OquDpEMJzWvGqWF/IfFUpb7FhAWZZpALwlcwA==
  dependencies:
    "@aws-sdk/types" "3.127.0"
    "@aws-sdk/util-buffer-from" "3.55.0"
    tslib "^2.3.1"

"@aws-sdk/invalid-dependency@3.127.0":
  version "3.127.0"
  resolved "https://registry.yarnpkg.com/@aws-sdk/invalid-dependency/-/invalid-dependency-3.127.0.tgz#3a99603e1969f67278495b827243e9a391b8cfc4"
  integrity sha512-bxvmtmJ6gIRfOHvh1jAPZBH2mzppEblPjEOFo4mOzXz4U3qPIxeuukCjboMnGK9QEpV2wObWcYYld0vxoRrfiA==
  dependencies:
    "@aws-sdk/types" "3.127.0"
    tslib "^2.3.1"

"@aws-sdk/is-array-buffer@3.55.0":
  version "3.55.0"
  resolved "https://registry.yarnpkg.com/@aws-sdk/is-array-buffer/-/is-array-buffer-3.55.0.tgz#c46122c5636f01d5895e5256a587768c3425ea7a"
  integrity sha512-NbiPHVYuPxdqdFd6FxzzN3H1BQn/iWA3ri3Ry7AyLeP/tGs1yzEWMwf8BN8TSMALI0GXT6Sh0GDWy3Ok5xB6DA==
  dependencies:
    tslib "^2.3.1"

"@aws-sdk/middleware-content-length@3.127.0":
  version "3.127.0"
  resolved "https://registry.yarnpkg.com/@aws-sdk/middleware-content-length/-/middleware-content-length-3.127.0.tgz#662c1971fdb2dd7d34a9945ebd8da52578900434"
  integrity sha512-AFmMaIEW3Rzg0TaKB9l/RENLowd7ZEEOpm0trYw1CgUUORWW/ydCsDT7pekPlC25CPbhUmWXCSA4xPFSYOVnDw==
  dependencies:
    "@aws-sdk/protocol-http" "3.127.0"
    "@aws-sdk/types" "3.127.0"
    tslib "^2.3.1"

"@aws-sdk/middleware-host-header@3.127.0":
  version "3.127.0"
  resolved "https://registry.yarnpkg.com/@aws-sdk/middleware-host-header/-/middleware-host-header-3.127.0.tgz#679f685bd8b4f221ed2c11e90b381d6904034ef9"
  integrity sha512-e2gTLJb5lYP9lRV7hN3rKY2l4jv8OygOoHElZJ3Z8KPZskjHelYPcQ8XbdfhSXXxC3vc/0QqN0ResFt3W3Pplg==
  dependencies:
    "@aws-sdk/protocol-http" "3.127.0"
    "@aws-sdk/types" "3.127.0"
    tslib "^2.3.1"

"@aws-sdk/middleware-logger@3.127.0":
  version "3.127.0"
  resolved "https://registry.yarnpkg.com/@aws-sdk/middleware-logger/-/middleware-logger-3.127.0.tgz#b62fd148888f418bd74b0c9d76b80588224ee98f"
  integrity sha512-jMNLcZB/ECA7OfkNBLNeAlrLRehyfnUeNQJHW3kcxs9h1+6VxaF6wY+WKozszLI7/3OBzQrFHBQCfRZV7ykSLg==
  dependencies:
    "@aws-sdk/types" "3.127.0"
    tslib "^2.3.1"

"@aws-sdk/middleware-recursion-detection@3.127.0":
  version "3.127.0"
  resolved "https://registry.yarnpkg.com/@aws-sdk/middleware-recursion-detection/-/middleware-recursion-detection-3.127.0.tgz#84949efd4a05a4d00da3e9242825e3c9d715f800"
  integrity sha512-tB6WX+Z1kUKTnn5h38XFrTCzoqPKjUZLUjN4Wb27/cbeSiTSKGAZcCXHOJm36Ukorl5arlybQTqGe689EU00Hw==
  dependencies:
    "@aws-sdk/protocol-http" "3.127.0"
    "@aws-sdk/types" "3.127.0"
    tslib "^2.3.1"

"@aws-sdk/middleware-retry@3.127.0":
  version "3.127.0"
  resolved "https://registry.yarnpkg.com/@aws-sdk/middleware-retry/-/middleware-retry-3.127.0.tgz#bcd0741ed676588101739083c6bd141d5c1911e1"
  integrity sha512-ZSvg/AyGUacWnf3i8ZbyImtiCH+NyafF8uV7bITP7JkwPrG+VdNocJZOr88GRM0c1A0jfkOf7+oq+fInPwwiNA==
  dependencies:
    "@aws-sdk/protocol-http" "3.127.0"
    "@aws-sdk/service-error-classification" "3.127.0"
    "@aws-sdk/types" "3.127.0"
    "@aws-sdk/util-middleware" "3.127.0"
    tslib "^2.3.1"
    uuid "^8.3.2"

"@aws-sdk/middleware-sdk-sts@3.130.0":
  version "3.130.0"
  resolved "https://registry.yarnpkg.com/@aws-sdk/middleware-sdk-sts/-/middleware-sdk-sts-3.130.0.tgz#b8dc87c25db048ae8b91962459dfaec5d5b48a8f"
  integrity sha512-FDfs7+ohbhEK3eH3Dshr6JDiL8P72bp3ffeNpPBXuURFqwt4pCmjHuX3SqQR0JIJ2cl3aIdxc17rKaZJfOjtPw==
  dependencies:
    "@aws-sdk/middleware-signing" "3.130.0"
    "@aws-sdk/property-provider" "3.127.0"
    "@aws-sdk/protocol-http" "3.127.0"
    "@aws-sdk/signature-v4" "3.130.0"
    "@aws-sdk/types" "3.127.0"
    tslib "^2.3.1"

"@aws-sdk/middleware-serde@3.127.0":
  version "3.127.0"
  resolved "https://registry.yarnpkg.com/@aws-sdk/middleware-serde/-/middleware-serde-3.127.0.tgz#8732d71ed0d28c43e609fcc156b1a1ac307c0d5f"
  integrity sha512-xmWMYV/t9M+b9yHjqaD1noDNJJViI2QwOH7TQZ9VbbrvdVtDrFuS9Sf9He80TBCJqeHShwQN9783W1I3Pu/8kw==
  dependencies:
    "@aws-sdk/types" "3.127.0"
    tslib "^2.3.1"

"@aws-sdk/middleware-signing@3.130.0":
  version "3.130.0"
  resolved "https://registry.yarnpkg.com/@aws-sdk/middleware-signing/-/middleware-signing-3.130.0.tgz#10c5606cf6cd32cf9afa857b0ff32659460902a7"
  integrity sha512-JePq5XLR9TfRN3RQ0d7Za/bEW5D3xgtD1FNAwHeenWALeozMuQgRPjM5RroCnL/5jY3wuvCZI7cSXeqhawWqmA==
  dependencies:
    "@aws-sdk/property-provider" "3.127.0"
    "@aws-sdk/protocol-http" "3.127.0"
    "@aws-sdk/signature-v4" "3.130.0"
    "@aws-sdk/types" "3.127.0"
    tslib "^2.3.1"

"@aws-sdk/middleware-stack@3.127.0":
  version "3.127.0"
  resolved "https://registry.yarnpkg.com/@aws-sdk/middleware-stack/-/middleware-stack-3.127.0.tgz#d569d964256cdd4a5afd149de325296cf19762f6"
  integrity sha512-S1IoUE5o1vCmjsF5nIE8zlItNOM1UE+lhmZeigF7knXJ9+a6ewMB6POAj/s4eoi0wcn0eSnAGsqJCWMSUjOPLA==
  dependencies:
    tslib "^2.3.1"

"@aws-sdk/middleware-user-agent@3.127.0":
  version "3.127.0"
  resolved "https://registry.yarnpkg.com/@aws-sdk/middleware-user-agent/-/middleware-user-agent-3.127.0.tgz#f676aac4ddaba64bb12b6d69b0ed7328479cf798"
  integrity sha512-CHxgswoOzdkOEoIq7Oyob3Sx/4FYUv6BhUesAX7MNshaDDsTQPbSWjw5bqZDiL/gO+X/34fvqCVVpVD2GvxW/g==
  dependencies:
    "@aws-sdk/protocol-http" "3.127.0"
    "@aws-sdk/types" "3.127.0"
    tslib "^2.3.1"

"@aws-sdk/node-config-provider@3.127.0":
  version "3.127.0"
  resolved "https://registry.yarnpkg.com/@aws-sdk/node-config-provider/-/node-config-provider-3.127.0.tgz#43a460526f0c24a661264189712e0ff5475e9b45"
  integrity sha512-bAHkASMhLZHT1yv2TX6OJGFV9Lc3t1gKfTMEKdXM2O2YhGfSx9A/qLeJm79oDfnILWQtSS2NicxlRDI2lYGf4g==
  dependencies:
    "@aws-sdk/property-provider" "3.127.0"
    "@aws-sdk/shared-ini-file-loader" "3.127.0"
    "@aws-sdk/types" "3.127.0"
    tslib "^2.3.1"

"@aws-sdk/node-http-handler@3.127.0":
  version "3.127.0"
  resolved "https://registry.yarnpkg.com/@aws-sdk/node-http-handler/-/node-http-handler-3.127.0.tgz#81c0a34061b233027bc673f3359c36555c0688d7"
  integrity sha512-pyMKvheK8eDwWLgYIRsWy8wiyhsbYYcqkZQs3Eh6upI4E8iCY7eMmhWvHYCibvsO+UjsOwa4cAMOfwnv/Z9s8A==
  dependencies:
    "@aws-sdk/abort-controller" "3.127.0"
    "@aws-sdk/protocol-http" "3.127.0"
    "@aws-sdk/querystring-builder" "3.127.0"
    "@aws-sdk/types" "3.127.0"
    tslib "^2.3.1"

"@aws-sdk/property-provider@3.127.0":
  version "3.127.0"
  resolved "https://registry.yarnpkg.com/@aws-sdk/property-provider/-/property-provider-3.127.0.tgz#3b70d23354c35ea04c29c97f05cc4108c2e194ba"
  integrity sha512-JxenxlTEkWfLrtJqIjaXaJzAVQbbscoCb5bNjmdud07ESLVfWRKJx2nAJdecHKYp2M5NQyqBuFhQ1ELSFYQKCA==
  dependencies:
    "@aws-sdk/types" "3.127.0"
    tslib "^2.3.1"

"@aws-sdk/protocol-http@3.127.0":
  version "3.127.0"
  resolved "https://registry.yarnpkg.com/@aws-sdk/protocol-http/-/protocol-http-3.127.0.tgz#c1d7bb20f09f9e86fd885d3effb33850b618e549"
  integrity sha512-UG83PVuKX40wilG2uRU0Fvz4OY8Bt+bSPOG776DFjwIXYzK7BwpJm9H2XI2HLhS5WxrJHhwrLBRgW6UiykMnFw==
  dependencies:
    "@aws-sdk/types" "3.127.0"
    tslib "^2.3.1"

"@aws-sdk/querystring-builder@3.127.0":
  version "3.127.0"
  resolved "https://registry.yarnpkg.com/@aws-sdk/querystring-builder/-/querystring-builder-3.127.0.tgz#50a100d13bd13bb06ee92dcd9568e21a37fb9c49"
  integrity sha512-tsoyp4lLPsASPDYWsezGAHD8VJsZbjUNATNAzTCFdH6p+4SKBK83Q5kfXCzxt13M+l3oKbxxIWLvS0kVQFyltQ==
  dependencies:
    "@aws-sdk/types" "3.127.0"
    "@aws-sdk/util-uri-escape" "3.55.0"
    tslib "^2.3.1"

"@aws-sdk/querystring-parser@3.127.0":
  version "3.127.0"
  resolved "https://registry.yarnpkg.com/@aws-sdk/querystring-parser/-/querystring-parser-3.127.0.tgz#d485db0d24005e95bb4c9c478691cd805e5fc0f4"
  integrity sha512-Vn/Dv+PqUSepp/DzLqq0LJJD8HdPefJCnLbO5WcHCARHSGlyGlZUFEM45k/oEHpTvgMXj/ORaP3A+tLwLu0AmA==
  dependencies:
    "@aws-sdk/types" "3.127.0"
    tslib "^2.3.1"

"@aws-sdk/service-error-classification@3.127.0":
  version "3.127.0"
  resolved "https://registry.yarnpkg.com/@aws-sdk/service-error-classification/-/service-error-classification-3.127.0.tgz#64b69215b2525e3b6806856187ef54b00c0f85d1"
  integrity sha512-wjZY9rnlA8SPrICUumTYicEKtK4/yKB62iadUk66hxe8MrH8JhuHH2NqIad0Pt/bK/YtNVhd3yb4pRapOeY5qQ==

"@aws-sdk/shared-ini-file-loader@3.127.0":
  version "3.127.0"
  resolved "https://registry.yarnpkg.com/@aws-sdk/shared-ini-file-loader/-/shared-ini-file-loader-3.127.0.tgz#019c5512bf92f954f6aca6f6811e38fe048aadf6"
  integrity sha512-S3Nn4KRTqoJsB/TbRZSWBBUrkckNMR0Juqz7bOB+wupVvddKP6IcpspSC/GX9zgJjVMV8iGisZ6AUsYsC5r+cA==
  dependencies:
    tslib "^2.3.1"

"@aws-sdk/signature-v4@3.130.0":
  version "3.130.0"
  resolved "https://registry.yarnpkg.com/@aws-sdk/signature-v4/-/signature-v4-3.130.0.tgz#152085234311610a350fdcd9a7f877a83aa44cf1"
  integrity sha512-g5G1a1NHL2uOoFfC2zQdZcj+wbjgBQPkx6xGdtqNKf9v2kS0n6ap5JUGEaqWE02lUlmWHsoMsS73hXtzwXaBRQ==
  dependencies:
    "@aws-sdk/is-array-buffer" "3.55.0"
    "@aws-sdk/types" "3.127.0"
    "@aws-sdk/util-hex-encoding" "3.109.0"
    "@aws-sdk/util-middleware" "3.127.0"
    "@aws-sdk/util-uri-escape" "3.55.0"
    tslib "^2.3.1"

"@aws-sdk/smithy-client@3.127.0":
  version "3.127.0"
  resolved "https://registry.yarnpkg.com/@aws-sdk/smithy-client/-/smithy-client-3.127.0.tgz#64bbdedc3f8ef8a9b908b109833c458f24f58a13"
  integrity sha512-sfcAJ+7a41CJMtsv6HRIjA91155Yk013RvMUdG2EMSo3cpLq/QmTJ1EGw4ByDZs5HLpXAaRoLI+bA2ovriGQnQ==
  dependencies:
    "@aws-sdk/middleware-stack" "3.127.0"
    "@aws-sdk/types" "3.127.0"
    tslib "^2.3.1"

"@aws-sdk/types@3.127.0", "@aws-sdk/types@^3.1.0":
  version "3.127.0"
  resolved "https://registry.yarnpkg.com/@aws-sdk/types/-/types-3.127.0.tgz#a7bafc47ee2328eee2453087521e6c3a39e7278d"
  integrity sha512-e0wtx2IkOl7rwfKfLH5pPTzQ+d45V7b1WrjeL0WDI8kOu6w+sXmhNxI6uM2kf0k4NiTLN84lW290AEWupey9Og==

"@aws-sdk/url-parser@3.127.0":
  version "3.127.0"
  resolved "https://registry.yarnpkg.com/@aws-sdk/url-parser/-/url-parser-3.127.0.tgz#7a5c6186e83dc6f823c989c0575aebe384e676b0"
  integrity sha512-njZ7zn41JHRpNfr3BCesVXCLZE0zcWSfEdtRV0ICw0cU1FgYcKELSuY9+gLUB4ci6uc7gq7mPE8+w30FcM4QeA==
  dependencies:
    "@aws-sdk/querystring-parser" "3.127.0"
    "@aws-sdk/types" "3.127.0"
    tslib "^2.3.1"

"@aws-sdk/util-base64-browser@3.109.0":
  version "3.109.0"
  resolved "https://registry.yarnpkg.com/@aws-sdk/util-base64-browser/-/util-base64-browser-3.109.0.tgz#e7faf5c4cbb88bc39b9c1c5a1a79e4c869e9f645"
  integrity sha512-lAZ6fyDGiRLaIsKT9qh7P9FGuNyZ4gAbr1YOSQk/5mHtaTuUvxlPptZuInNM/0MPQm6lpcot00D8IWTucn4PbA==
  dependencies:
    tslib "^2.3.1"

"@aws-sdk/util-base64-node@3.55.0":
  version "3.55.0"
  resolved "https://registry.yarnpkg.com/@aws-sdk/util-base64-node/-/util-base64-node-3.55.0.tgz#da9a3fd6752be49163572144793e6b23d0186ff4"
  integrity sha512-UQ/ZuNoAc8CFMpSiRYmevaTsuRKzLwulZTnM8LNlIt9Wx1tpNvqp80cfvVj7yySKROtEi20wq29h31dZf1eYNQ==
  dependencies:
    "@aws-sdk/util-buffer-from" "3.55.0"
    tslib "^2.3.1"

"@aws-sdk/util-body-length-browser@3.55.0":
  version "3.55.0"
  resolved "https://registry.yarnpkg.com/@aws-sdk/util-body-length-browser/-/util-body-length-browser-3.55.0.tgz#9c2637097501032f6a1afddb76687415fe9b44b6"
  integrity sha512-Ei2OCzXQw5N6ZkTMZbamUzc1z+z1R1Ja5tMEagz5BxuX4vWdBObT+uGlSzL8yvTbjoPjnxWA2aXyEqaUP3JS8Q==
  dependencies:
    tslib "^2.3.1"

"@aws-sdk/util-body-length-node@3.55.0":
  version "3.55.0"
  resolved "https://registry.yarnpkg.com/@aws-sdk/util-body-length-node/-/util-body-length-node-3.55.0.tgz#67049bbb6c62d794a1bb5a13b9a678988c925489"
  integrity sha512-lU1d4I+9wJwydduXs0SxSfd+mHKjxeyd39VwOv6i2KSwWkPbji9UQqpflKLKw+r45jL7+xU/zfeTUg5Tt/3Gew==
  dependencies:
    tslib "^2.3.1"

"@aws-sdk/util-buffer-from@3.55.0":
  version "3.55.0"
  resolved "https://registry.yarnpkg.com/@aws-sdk/util-buffer-from/-/util-buffer-from-3.55.0.tgz#e7c927974b07a29502aa1ad58509b91d0d7cf0f7"
  integrity sha512-uVzKG1UgvnV7XX2FPTylBujYMKBPBaq/qFBxfl0LVNfrty7YjpfieQxAe6yRLD+T0Kir/WDQwGvYC+tOYG3IGA==
  dependencies:
    "@aws-sdk/is-array-buffer" "3.55.0"
    tslib "^2.3.1"

"@aws-sdk/util-config-provider@3.109.0":
  version "3.109.0"
  resolved "https://registry.yarnpkg.com/@aws-sdk/util-config-provider/-/util-config-provider-3.109.0.tgz#7828b8894b2b23c289ffc5c106cbced7a5d6ee86"
  integrity sha512-GrAZl/aBv0A28LkyNyq8SPJ5fmViCwz80fWLMeWx/6q5AbivuILogjlWwEZSvZ9zrlHOcFC0+AnCa5pQrjaslw==
  dependencies:
    tslib "^2.3.1"

"@aws-sdk/util-defaults-mode-browser@3.127.0":
  version "3.127.0"
  resolved "https://registry.yarnpkg.com/@aws-sdk/util-defaults-mode-browser/-/util-defaults-mode-browser-3.127.0.tgz#4fa9fe802e4296c0ab2e63a6a3c7c787ac5286df"
  integrity sha512-e/vBm+EYSJ0R79591EPiCPE3aR5RKk5CjOkQjNxZIX8UPnIlo7xohTcebfR/iugSTxNrpfrFv+o4H5GjzAuhLA==
  dependencies:
    "@aws-sdk/property-provider" "3.127.0"
    "@aws-sdk/types" "3.127.0"
    bowser "^2.11.0"
    tslib "^2.3.1"

"@aws-sdk/util-defaults-mode-node@3.130.0":
  version "3.130.0"
  resolved "https://registry.yarnpkg.com/@aws-sdk/util-defaults-mode-node/-/util-defaults-mode-node-3.130.0.tgz#4347aeabccf7b3d04aecd7545e904781ac9c0be1"
  integrity sha512-0BWx7C6GhHBrjPUuSgMnRA4InxYisX6MIGs5yIHk2OArYkQLJMdeORYXXz1y40ahMihmtjD/Ap5xQGBm2vyffA==
  dependencies:
    "@aws-sdk/config-resolver" "3.130.0"
    "@aws-sdk/credential-provider-imds" "3.127.0"
    "@aws-sdk/node-config-provider" "3.127.0"
    "@aws-sdk/property-provider" "3.127.0"
    "@aws-sdk/types" "3.127.0"
    tslib "^2.3.1"

"@aws-sdk/util-hex-encoding@3.109.0":
  version "3.109.0"
  resolved "https://registry.yarnpkg.com/@aws-sdk/util-hex-encoding/-/util-hex-encoding-3.109.0.tgz#93b20acc27c0a1d7d80f653bf19d3dd01c2ccc65"
  integrity sha512-s8CgTNrn3cLkrdiohfxLuOYPCanzvHn/aH5RW6DaMoeQiG5Hl9QUiP/WtdQ9QQx3xvpQFpmvxIaSBwSgFNLQxA==
  dependencies:
    tslib "^2.3.1"

"@aws-sdk/util-locate-window@^3.0.0":
  version "3.55.0"
  resolved "https://registry.yarnpkg.com/@aws-sdk/util-locate-window/-/util-locate-window-3.55.0.tgz#a4136a20ee1bfcb73967a6614caf769ef79db070"
  integrity sha512-0sPmK2JaJE2BbTcnvybzob/VrFKCXKfN4CUKcvn0yGg/me7Bz+vtzQRB3Xp+YSx+7OtWxzv63wsvHoAnXvgxgg==
  dependencies:
    tslib "^2.3.1"

"@aws-sdk/util-middleware@3.127.0":
  version "3.127.0"
  resolved "https://registry.yarnpkg.com/@aws-sdk/util-middleware/-/util-middleware-3.127.0.tgz#266d6160886f272cb3e3c3eb5266abbac0c033bc"
  integrity sha512-EwAPPed9TNqh+Wov2VStLn2NuJ/Wyt7IkZCbCsBuSNp3BFZ1V4gfwTjqtKCtB2LQgQ48MTgWgNCvrH0zjCSPGg==
  dependencies:
    tslib "^2.3.1"

"@aws-sdk/util-uri-escape@3.55.0":
  version "3.55.0"
  resolved "https://registry.yarnpkg.com/@aws-sdk/util-uri-escape/-/util-uri-escape-3.55.0.tgz#ee57743c628a1c9f942dfe73205ce890ec011916"
  integrity sha512-mmdDLUpFCN2nkfwlLdOM54lTD528GiGSPN1qb8XtGLgZsJUmg3uJSFIN2lPeSbEwJB3NFjVas/rnQC48i7mV8w==
  dependencies:
    tslib "^2.3.1"

"@aws-sdk/util-user-agent-browser@3.127.0":
  version "3.127.0"
  resolved "https://registry.yarnpkg.com/@aws-sdk/util-user-agent-browser/-/util-user-agent-browser-3.127.0.tgz#dc6c4c9049ebf238c321883593b2cd3d82b5e755"
  integrity sha512-uO2oHmJswuYKJS+GiMdYI8izhpC9M7/jFFvnAmLlTEVwpEi1VX9KePAOF+u5AaBC2kzITo/7dg141XfRHZloIQ==
  dependencies:
    "@aws-sdk/types" "3.127.0"
    bowser "^2.11.0"
    tslib "^2.3.1"

"@aws-sdk/util-user-agent-node@3.127.0":
  version "3.127.0"
  resolved "https://registry.yarnpkg.com/@aws-sdk/util-user-agent-node/-/util-user-agent-node-3.127.0.tgz#368dc0c0e1160e8ca9e5ca21f3857004509aa06e"
  integrity sha512-3P/M4ZDD2qMeeoCk7TE/Mw7cG5IjB87F6BP8nI8/oHuaz7j6fsI7D49SNpyjl8JApRynZ122Ad6hwQwRj3isYw==
  dependencies:
    "@aws-sdk/node-config-provider" "3.127.0"
    "@aws-sdk/types" "3.127.0"
    tslib "^2.3.1"

"@aws-sdk/util-utf8-browser@3.109.0", "@aws-sdk/util-utf8-browser@^3.0.0":
  version "3.109.0"
  resolved "https://registry.yarnpkg.com/@aws-sdk/util-utf8-browser/-/util-utf8-browser-3.109.0.tgz#d013272e1981b23a4c84ac06f154db686c0cf84e"
  integrity sha512-FmcGSz0v7Bqpl1SE8G1Gc0CtDpug+rvqNCG/szn86JApD/f5x8oByjbEiAyTU2ZH2VevUntx6EW68ulHyH+x+w==
  dependencies:
    tslib "^2.3.1"

"@aws-sdk/util-utf8-node@3.109.0":
  version "3.109.0"
  resolved "https://registry.yarnpkg.com/@aws-sdk/util-utf8-node/-/util-utf8-node-3.109.0.tgz#89e06d916f5b246c7265f59bac742973ac0767ac"
  integrity sha512-Ti/ZBdvz2eSTElsucjzNmzpyg2MwfD1rXmxD0hZuIF8bPON/0+sZYnWd5CbDw9kgmhy28dmKue086tbZ1G0iLQ==
  dependencies:
    "@aws-sdk/util-buffer-from" "3.55.0"
    tslib "^2.3.1"

"@cspotcode/source-map-support@^0.8.0":
  version "0.8.1"
  resolved "https://registry.yarnpkg.com/@cspotcode/source-map-support/-/source-map-support-0.8.1.tgz#00629c35a688e05a88b1cda684fb9d5e73f000a1"
  integrity sha512-IchNf6dN4tHoMFIn/7OE8LWZ19Y6q/67Bmf6vnGREv8RSbBVb9LPJxEcnwrcwX6ixSvaiGoomAUvu4YSxXrVgw==
  dependencies:
    "@jridgewell/trace-mapping" "0.3.9"

"@jridgewell/resolve-uri@^3.0.3":
  version "3.1.0"
  resolved "https://registry.yarnpkg.com/@jridgewell/resolve-uri/-/resolve-uri-3.1.0.tgz#2203b118c157721addfe69d47b70465463066d78"
  integrity sha512-F2msla3tad+Mfht5cJq7LSXcdudKTWCVYUgw6pLFOOHSTtZlj6SWNYAp+AhuqLmWdBO2X5hPrLcu8cVP8fy28w==

"@jridgewell/sourcemap-codec@^1.4.10":
  version "1.4.14"
  resolved "https://registry.yarnpkg.com/@jridgewell/sourcemap-codec/-/sourcemap-codec-1.4.14.tgz#add4c98d341472a289190b424efbdb096991bb24"
  integrity sha512-XPSJHWmi394fuUuzDnGz1wiKqWfo1yXecHQMRf2l6hztTO+nPru658AyDngaBe7isIxEkRsPR3FZh+s7iVa4Uw==

"@jridgewell/trace-mapping@0.3.9":
  version "0.3.9"
  resolved "https://registry.yarnpkg.com/@jridgewell/trace-mapping/-/trace-mapping-0.3.9.tgz#6534fd5933a53ba7cbf3a17615e273a0d1273ff9"
  integrity sha512-3Belt6tdc8bPgAtbcmdtNJlirVoTmEb5e2gC94PnkwEW9jI6CAHUeoG85tjWP5WquqfavoMtMwiG4P926ZKKuQ==
  dependencies:
    "@jridgewell/resolve-uri" "^3.0.3"
    "@jridgewell/sourcemap-codec" "^1.4.10"

"@sentry/core@7.7.0":
  version "7.7.0"
  resolved "https://registry.yarnpkg.com/@sentry/core/-/core-7.7.0.tgz#1a2d477897552d179380f7c54c7d81a4e98ea29a"
  integrity sha512-Z15ACiuiFINFcK4gbMrnejLn4AVjKBPJOWKrrmpIe8mh+Y9diOuswt5mMUABs+jhpZvqht3PBLLGBL0WMsYMYA==
  dependencies:
    "@sentry/hub" "7.7.0"
    "@sentry/types" "7.7.0"
    "@sentry/utils" "7.7.0"
    tslib "^1.9.3"

"@sentry/hub@7.7.0":
  version "7.7.0"
  resolved "https://registry.yarnpkg.com/@sentry/hub/-/hub-7.7.0.tgz#9ad3471cf5ecaf1a9d3a3a04ca2515ffec9e2c09"
  integrity sha512-6gydK234+a0nKhBRDdIJ7Dp42CaiW2juTiHegUVDq+482balVzbZyEAmESCmuzKJhx5BhlCElVxs/cci1NjMpg==
  dependencies:
    "@sentry/types" "7.7.0"
    "@sentry/utils" "7.7.0"
    tslib "^1.9.3"

"@sentry/node@7.7.0":
  version "7.7.0"
  resolved "https://registry.yarnpkg.com/@sentry/node/-/node-7.7.0.tgz#d39e904968fcca8cb0a881dee81887a6abf3ad74"
  integrity sha512-i62x23NHEhLe6CJ6l9E30uRCUMm0VMz9aUmmrjW+9uxS1mZhHTG2kpbU16ozyh9KTLswKDOSE75Z+MzQpGSQ/Q==
  dependencies:
    "@sentry/core" "7.7.0"
    "@sentry/hub" "7.7.0"
    "@sentry/types" "7.7.0"
    "@sentry/utils" "7.7.0"
    cookie "^0.4.1"
    https-proxy-agent "^5.0.0"
    lru_map "^0.3.3"
    tslib "^1.9.3"

"@sentry/serverless@^7.7.0":
  version "7.7.0"
  resolved "https://registry.yarnpkg.com/@sentry/serverless/-/serverless-7.7.0.tgz#60ba98dae5ba20288ffc406e6232707a5780f427"
  integrity sha512-+dcPfxw7YbMco/LXbgigrja2KtstrD69r1rvUw4eRfqecm7jxmfxZwokh+r+qF9sVbbu2gX8ZDHPGyAxUZ7NYw==
  dependencies:
    "@sentry/node" "7.7.0"
    "@sentry/tracing" "7.7.0"
    "@sentry/types" "7.7.0"
    "@sentry/utils" "7.7.0"
    "@types/aws-lambda" "^8.10.62"
    "@types/express" "^4.17.2"
    tslib "^1.9.3"

"@sentry/tracing@7.7.0":
  version "7.7.0"
  resolved "https://registry.yarnpkg.com/@sentry/tracing/-/tracing-7.7.0.tgz#67324b755a28e115289755e44a0b8b467a63d0b2"
  integrity sha512-HNmvTwemuc21q/K6HXsSp9njkne6N1JQ71TB+QGqYU5VtxsVgYSUhhYqV6WcHz7LK4Hj6TvNFoeu69/rO0ysgw==
  dependencies:
    "@sentry/hub" "7.7.0"
    "@sentry/types" "7.7.0"
    "@sentry/utils" "7.7.0"
    tslib "^1.9.3"

"@sentry/types@7.7.0":
  version "7.7.0"
  resolved "https://registry.yarnpkg.com/@sentry/types/-/types-7.7.0.tgz#dd6bd3d119d7efea0e85dbaa4b17de1c22b63c7a"
  integrity sha512-4x8O7uerSGLnYC10krHl9t8h7xXHn5FextqKYbTCXCnx2hC8D+9lz8wcbQAFo0d97wiUYqI8opmEgFVGx7c5hQ==

"@sentry/utils@7.7.0":
  version "7.7.0"
  resolved "https://registry.yarnpkg.com/@sentry/utils/-/utils-7.7.0.tgz#013e3097c4268a76de578494c7df999635fb0ad4"
  integrity sha512-fD+ROSFpeJlK7bEvUT2LOW7QqgjBpXJwVISKZ0P2fuzclRC3KoB2pbZgBM4PXMMTiSzRGWhvfRRjBiBvQJBBJQ==
  dependencies:
    "@sentry/types" "7.7.0"
    tslib "^1.9.3"

"@tsconfig/node10@^1.0.7":
  version "1.0.9"
  resolved "https://registry.yarnpkg.com/@tsconfig/node10/-/node10-1.0.9.tgz#df4907fc07a886922637b15e02d4cebc4c0021b2"
  integrity sha512-jNsYVVxU8v5g43Erja32laIDHXeoNvFEpX33OK4d6hljo3jDhCBDhx5dhCCTMWUojscpAagGiRkBKxpdl9fxqA==

"@tsconfig/node12@^1.0.7":
  version "1.0.11"
  resolved "https://registry.yarnpkg.com/@tsconfig/node12/-/node12-1.0.11.tgz#ee3def1f27d9ed66dac6e46a295cffb0152e058d"
  integrity sha512-cqefuRsh12pWyGsIoBKJA9luFu3mRxCA+ORZvA4ktLSzIuCUtWVxGIuXigEwO5/ywWFMZ2QEGKWvkZG1zDMTag==

"@tsconfig/node14@^1.0.0":
  version "1.0.3"
  resolved "https://registry.yarnpkg.com/@tsconfig/node14/-/node14-1.0.3.tgz#e4386316284f00b98435bf40f72f75a09dabf6c1"
  integrity sha512-ysT8mhdixWK6Hw3i1V2AeRqZ5WfXg1G43mqoYlM2nc6388Fq5jcXyr5mRsqViLx/GJYdoL0bfXD8nmF+Zn/Iow==

"@tsconfig/node16@^1.0.2":
  version "1.0.3"
  resolved "https://registry.yarnpkg.com/@tsconfig/node16/-/node16-1.0.3.tgz#472eaab5f15c1ffdd7f8628bd4c4f753995ec79e"
  integrity sha512-yOlFc+7UtL/89t2ZhjPvvB/DeAr3r+Dq58IgzsFkOAvVC6NMJXmCGjbptdXdR9qsX7pKcTL+s87FtYREi2dEEQ==

"@types/aws-lambda@^8.10.101", "@types/aws-lambda@^8.10.62":
  version "8.10.101"
  resolved "https://registry.yarnpkg.com/@types/aws-lambda/-/aws-lambda-8.10.101.tgz#35d85783a834e04604d49e85dc7ee6e2820e8939"
  integrity sha512-84geGyVc0H9P9aGbcg/vkDh5akJq0bEf3tizHNR2d1gcm0wsp9IZ/SW6rPxvgjJFi3OeVxDc8WTKCAjoZbogzg==

"@types/body-parser@*":
  version "1.19.2"
  resolved "https://registry.yarnpkg.com/@types/body-parser/-/body-parser-1.19.2.tgz#aea2059e28b7658639081347ac4fab3de166e6f0"
  integrity sha512-ALYone6pm6QmwZoAgeyNksccT9Q4AWZQ6PvfwR37GT6r6FWUPguq6sUmNGSMV2Wr761oQoBxwGGa6DR5o1DC9g==
  dependencies:
    "@types/connect" "*"
    "@types/node" "*"

"@types/connect@*":
  version "3.4.35"
  resolved "https://registry.yarnpkg.com/@types/connect/-/connect-3.4.35.tgz#5fcf6ae445e4021d1fc2219a4873cc73a3bb2ad1"
  integrity sha512-cdeYyv4KWoEgpBISTxWvqYsVy444DOqehiF3fM3ne10AmJ62RSyNkUnxMJXHQWRQQX2eR94m5y1IZyDwBjV9FQ==
  dependencies:
    "@types/node" "*"

"@types/express-serve-static-core@^4.17.18":
  version "4.17.29"
  resolved "https://registry.yarnpkg.com/@types/express-serve-static-core/-/express-serve-static-core-4.17.29.tgz#2a1795ea8e9e9c91b4a4bbe475034b20c1ec711c"
  integrity sha512-uMd++6dMKS32EOuw1Uli3e3BPgdLIXmezcfHv7N4c1s3gkhikBplORPpMq3fuWkxncZN1reb16d5n8yhQ80x7Q==
  dependencies:
    "@types/node" "*"
    "@types/qs" "*"
    "@types/range-parser" "*"

"@types/express@^4.17.2":
  version "4.17.13"
  resolved "https://registry.yarnpkg.com/@types/express/-/express-4.17.13.tgz#a76e2995728999bab51a33fabce1d705a3709034"
  integrity sha512-6bSZTPaTIACxn48l50SR+axgrqm6qXFIxrdAKaG6PaJk3+zuUr35hBlgT7vOmJcum+OEaIBLtHV/qloEAFITeA==
  dependencies:
    "@types/body-parser" "*"
    "@types/express-serve-static-core" "^4.17.18"
    "@types/qs" "*"
    "@types/serve-static" "*"

"@types/mime@^1":
  version "1.3.2"
  resolved "https://registry.yarnpkg.com/@types/mime/-/mime-1.3.2.tgz#93e25bf9ee75fe0fd80b594bc4feb0e862111b5a"
  integrity sha512-YATxVxgRqNH6nHEIsvg6k2Boc1JHI9ZbH5iWFFv/MTkchz3b1ieGDa5T0a9RznNdI0KhVbdbWSN+KWWrQZRxTw==

"@types/node@*":
  version "18.0.6"
  resolved "https://registry.yarnpkg.com/@types/node/-/node-18.0.6.tgz#0ba49ac517ad69abe7a1508bc9b3a5483df9d5d7"
  integrity sha512-/xUq6H2aQm261exT6iZTMifUySEt4GR5KX8eYyY+C4MSNPqSh9oNIP7tz2GLKTlFaiBbgZNxffoR3CVRG+cljw==

"@types/node@^16.11.0":
  version "16.11.45"
  resolved "https://registry.yarnpkg.com/@types/node/-/node-16.11.45.tgz#155b13a33c665ef2b136f7f245fa525da419e810"
  integrity sha512-3rKg/L5x0rofKuuUt5zlXzOnKyIHXmIu5R8A0TuNDMF2062/AOIDBciFIjToLEJ/9F9DzkHNot+BpNsMI1OLdQ==

"@types/qs@*":
  version "6.9.7"
  resolved "https://registry.yarnpkg.com/@types/qs/-/qs-6.9.7.tgz#63bb7d067db107cc1e457c303bc25d511febf6cb"
  integrity sha512-FGa1F62FT09qcrueBA6qYTrJPVDzah9a+493+o2PCXsesWHIn27G98TsSMs3WPNbZIEj4+VJf6saSFpvD+3Zsw==

"@types/range-parser@*":
  version "1.2.4"
  resolved "https://registry.yarnpkg.com/@types/range-parser/-/range-parser-1.2.4.tgz#cd667bcfdd025213aafb7ca5915a932590acdcdc"
  integrity sha512-EEhsLsD6UsDM1yFhAvy0Cjr6VwmpMWqFBCb9w07wVugF7w9nfajxLuVmngTIpgS6svCnm6Vaw+MZhoDCKnOfsw==

"@types/serve-static@*":
  version "1.13.10"
  resolved "https://registry.yarnpkg.com/@types/serve-static/-/serve-static-1.13.10.tgz#f5e0ce8797d2d7cc5ebeda48a52c96c4fa47a8d9"
  integrity sha512-nCkHGI4w7ZgAdNkrEu0bv+4xNV/XDqW+DydknebMOQwkpDGx8G+HTlj7R7ABI8i8nKxVw0wtKPi1D+lPOkh4YQ==
  dependencies:
    "@types/mime" "^1"
    "@types/node" "*"

acorn-walk@^8.1.1:
  version "8.2.0"
  resolved "https://registry.yarnpkg.com/acorn-walk/-/acorn-walk-8.2.0.tgz#741210f2e2426454508853a2f44d0ab83b7f69c1"
  integrity sha512-k+iyHEuPgSw6SbuDpGQM+06HQUa04DZ3o+F6CSzXMvvI5KMvnaEqXe+YVe555R9nn6GPt404fos4wcgpw12SDA==

acorn@^8.4.1:
  version "8.8.0"
  resolved "https://registry.yarnpkg.com/acorn/-/acorn-8.8.0.tgz#88c0187620435c7f6015803f5539dae05a9dbea8"
  integrity sha512-QOxyigPVrpZ2GXT+PFyZTl6TtOFc5egxHIP9IlQ+RbupQuX4RkT/Bee4/kQuC02Xkzg84JcT7oLYtDIQxp+v7w==

agent-base@6:
  version "6.0.2"
  resolved "https://registry.yarnpkg.com/agent-base/-/agent-base-6.0.2.tgz#49fff58577cfee3f37176feab4c22e00f86d7f77"
  integrity sha512-RZNwNclF7+MS/8bDg70amg32dyeZGZxiDuQmZxKLAlQjr3jGyLx+4Kkk58UO7D2QdgFIQCovuSuZESne6RG6XQ==
  dependencies:
    debug "4"

arg@^4.1.0:
  version "4.1.3"
  resolved "https://registry.yarnpkg.com/arg/-/arg-4.1.3.tgz#269fc7ad5b8e42cb63c896d5666017261c144089"
  integrity sha512-58S9QDqG0Xx27YwPSt9fJxivjYl432YCwfDMfZ+71RAqUrZef7LrKQZ3LHLOwCS4FLNBplP533Zx895SeOCHvA==

bowser@^2.11.0:
  version "2.11.0"
  resolved "https://registry.yarnpkg.com/bowser/-/bowser-2.11.0.tgz#5ca3c35757a7aa5771500c70a73a9f91ef420a8f"
  integrity sha512-AlcaJBi/pqqJBIQ8U9Mcpc9i8Aqxn88Skv5d+xBX006BY5u8N3mGLHa5Lgppa7L/HfwgwLgZ6NYs+Ag6uUmJRA==

cookie@^0.4.1:
  version "0.4.2"
  resolved "https://registry.yarnpkg.com/cookie/-/cookie-0.4.2.tgz#0e41f24de5ecf317947c82fc789e06a884824432"
  integrity sha512-aSWTXFzaKWkvHO1Ny/s+ePFpvKsPnjc551iI41v3ny/ow6tBG5Vd+FuqGNhh1LxOmVzOlGUriIlOaokOvhaStA==

create-require@^1.1.0:
  version "1.1.1"
  resolved "https://registry.yarnpkg.com/create-require/-/create-require-1.1.1.tgz#c1d7e8f1e5f6cfc9ff65f9cd352d37348756c333"
  integrity sha512-dcKFX3jn0MpIaXjisoRvexIJVEKzaq7z2rZKxf+MSr9TkdmHmsU4m2lcLojrj/FHl8mk5VxMmYA+ftRkP/3oKQ==

debug@4:
  version "4.3.4"
  resolved "https://registry.yarnpkg.com/debug/-/debug-4.3.4.tgz#1319f6579357f2338d3337d2cdd4914bb5dcc865"
  integrity sha512-PRWFHuSU3eDtQJPvnNY7Jcket1j0t5OuOsFzPPzsekD52Zl8qUfFIPEiswXqIvHWGVHOgX+7G/vCNNhehwxfkQ==
  dependencies:
    ms "2.1.2"

diff@^4.0.1:
  version "4.0.2"
  resolved "https://registry.yarnpkg.com/diff/-/diff-4.0.2.tgz#60f3aecb89d5fae520c11aa19efc2bb982aade7d"
  integrity sha512-58lmxKSA4BNyLz+HHMUzlOEpg09FV+ev6ZMe3vJihgdxzgcwZ8VoEEPmALCZG9LmqfVoNMMKpttIYTVG6uDY7A==

entities@2.2.0:
  version "2.2.0"
  resolved "https://registry.yarnpkg.com/entities/-/entities-2.2.0.tgz#098dc90ebb83d8dffa089d55256b351d34c4da55"
  integrity sha512-p92if5Nz619I0w+akJrLZH0MX0Pb5DX39XOwQTtXSdQQOaYH03S1uIQp4mhOZtAXrxq4ViO67YTiLBo2638o9A==

fast-xml-parser@3.19.0:
  version "3.19.0"
  resolved "https://registry.yarnpkg.com/fast-xml-parser/-/fast-xml-parser-3.19.0.tgz#cb637ec3f3999f51406dd8ff0e6fc4d83e520d01"
  integrity sha512-4pXwmBplsCPv8FOY1WRakF970TjNGnGnfbOnLqjlYvMiF1SR3yOHyxMR/YCXpPTOspNF5gwudqktIP4VsWkvBg==

https-proxy-agent@^5.0.0:
  version "5.0.1"
  resolved "https://registry.yarnpkg.com/https-proxy-agent/-/https-proxy-agent-5.0.1.tgz#c59ef224a04fe8b754f3db0063a25ea30d0005d6"
  integrity sha512-dFcAjpTQFgoLMzC2VwU+C/CbS7uRL0lWmxDITmqm7C+7F0Odmj6s9l6alZc6AELXhrnggM2CeWSXHGOdX2YtwA==
  dependencies:
    agent-base "6"
    debug "4"

lru_map@^0.3.3:
  version "0.3.3"
  resolved "https://registry.yarnpkg.com/lru_map/-/lru_map-0.3.3.tgz#b5c8351b9464cbd750335a79650a0ec0e56118dd"
  integrity sha512-Pn9cox5CsMYngeDbmChANltQl+5pi6XmTrraMSzhPmMBbmgcxmqWry0U3PGapCU1yB4/LqCcom7qhHZiF/jGfQ==

make-error@^1.1.1:
  version "1.3.6"
  resolved "https://registry.yarnpkg.com/make-error/-/make-error-1.3.6.tgz#2eb2e37ea9b67c4891f684a1394799af484cf7a2"
  integrity sha512-s8UhlNe7vPKomQhC1qFelMokr/Sc3AgNbso3n74mVPA5LTZwkB9NlXf4XPamLxJE8h0gh73rM94xvwRT2CVInw==

ms@2.1.2:
  version "2.1.2"
  resolved "https://registry.yarnpkg.com/ms/-/ms-2.1.2.tgz#d09d1f357b443f493382a8eb3ccd183872ae6009"
  integrity sha512-sGkPx+VjMtmA6MX27oA4FBFELFCZZ4S4XqeGOXCv68tT+jb3vk/RyaKWP0PTKyWtmLSM0b+adUTEvbs1PEaH2w==

ts-node@^10.9.1:
  version "10.9.1"
  resolved "https://registry.yarnpkg.com/ts-node/-/ts-node-10.9.1.tgz#e73de9102958af9e1f0b168a6ff320e25adcff4b"
  integrity sha512-NtVysVPkxxrwFGUUxGYhfux8k78pQB3JqYBXlLRZgdGUqTO5wU/UyHop5p70iEbGhB7q5KmiZiU0Y3KlJrScEw==
  dependencies:
    "@cspotcode/source-map-support" "^0.8.0"
    "@tsconfig/node10" "^1.0.7"
    "@tsconfig/node12" "^1.0.7"
    "@tsconfig/node14" "^1.0.0"
    "@tsconfig/node16" "^1.0.2"
    acorn "^8.4.1"
    acorn-walk "^8.1.1"
    arg "^4.1.0"
    create-require "^1.1.0"
    diff "^4.0.1"
    make-error "^1.1.1"
    v8-compile-cache-lib "^3.0.1"
    yn "3.1.1"

tslib@^1.11.1, tslib@^1.9.3:
  version "1.14.1"
  resolved "https://registry.yarnpkg.com/tslib/-/tslib-1.14.1.tgz#cf2d38bdc34a134bcaf1091c41f6619e2f672d00"
  integrity sha512-Xni35NKzjgMrwevysHTCArtLDpPvye8zV/0E4EyYn43P7/7qvQwPh9BGkHewbMulVntbigmcT7rdX3BNo9wRJg==

tslib@^2.3.1:
  version "2.4.0"
  resolved "https://registry.yarnpkg.com/tslib/-/tslib-2.4.0.tgz#7cecaa7f073ce680a05847aa77be941098f36dc3"
  integrity sha512-d6xOpEDfsi2CZVlPQzGeux8XMwLT9hssAsaPYExaQMuYskwb+x1x7J371tWlbBdWHroy99KnVB6qIkUbs5X3UQ==

typescript@^4.7.4:
  version "4.7.4"
  resolved "https://registry.yarnpkg.com/typescript/-/typescript-4.7.4.tgz#1a88596d1cf47d59507a1bcdfb5b9dfe4d488235"
  integrity sha512-C0WQT0gezHuw6AdY1M2jxUO83Rjf0HP7Sk1DtXj6j1EwkQNZrHAg2XPWlq62oqEhYvONq5pkC2Y9oPljWToLmQ==

uuid@^8.3.2:
  version "8.3.2"
  resolved "https://registry.yarnpkg.com/uuid/-/uuid-8.3.2.tgz#80d5b5ced271bb9af6c445f21a1a04c606cefbe2"
  integrity sha512-+NYs2QeMWy+GWFOEm9xnn6HCDp0l7QBD7ml8zLUmJ+93Q5NF0NocErnwkTkXVFNiX3/fpC6afS8Dhb/gz7R7eg==

v8-compile-cache-lib@^3.0.1:
  version "3.0.1"
  resolved "https://registry.yarnpkg.com/v8-compile-cache-lib/-/v8-compile-cache-lib-3.0.1.tgz#6336e8d71965cb3d35a1bbb7868445a7c05264bf"
  integrity sha512-wa7YjyUGfNZngI/vtK0UHAN+lgDCxBPCylVXGp0zu59Fz5aiGtNXaq3DhIov063MorB+VfufLh3JlF2KdTK3xg==

yn@3.1.1:
  version "3.1.1"
  resolved "https://registry.yarnpkg.com/yn/-/yn-3.1.1.tgz#1e87401a09d767c1d5eab26a6e4c185182d2eb50"
  integrity sha512-Ux4ygGWsu2c7isFWe8Yu1YluJmqVhxqK2cLXNQA5AcC3QfbGNpM7fu0Y8b/z16pXLnFxZYvWhd3fhBY9DLmC6Q==
